{
  "name": "openapi-schema-validation",
  "version": "0.4.2",
  "lockfileVersion": 1,
  "requires": true,
  "dependencies": {
    "jsonschema": {
      "version": "1.2.4",
      "resolved": "https://registry.npmjs.org/jsonschema/-/jsonschema-1.2.4.tgz",
      "integrity": "sha1-pGusXTUGolRGW8VIh24mfG0NZGQ="
    },
    "jsonschema-draft4": {
      "version": "1.0.0",
      "resolved": "https://registry.npmjs.org/jsonschema-draft4/-/jsonschema-draft4-1.0.0.tgz",
      "integrity": "sha1-8K8gBQVPDwrefqIRhhS2ncUS2GU="
    },
    "swagger-schema-official": {
      "version": "2.0.0-bab6bed",
      "resolved": "https://registry.npmjs.org/swagger-schema-official/-/swagger-schema-official-2.0.0-bab6bed.tgz",
      "integrity": "sha1-cAcEaNbSl3ylI3suUZyn0Gouo/0="
    }
  }
}
