{
  "name": "openapi-default-setter",
  "version": "9.2.0",
  "lockfileVersion": 1,
  "requires": true,
  "dependencies": {
    "openapi-types": {
      "version": "9.0.3",
      "resolved": "https://registry.npmjs.org/openapi-types/-/openapi-types-9.0.3.tgz",
      "integrity": "sha512-c4C1xAKZOvOxeSWvRY0d2XsoaZoF8M7rifxfZZCIH2mqPEQxOz8qfFx4oEpLFaE+DfDGe08HcIA/p1Bu93keLQ=="
    }
  }
}
