{
  "name": "openapi-default-setter",
  "version": "2.0.3",
  "lockfileVersion": 1,
  "requires": true,
  "dependencies": {
    "openapi-types": {
      "version": "1.3.4",
      "resolved": "https://registry.npmjs.org/openapi-types/-/openapi-types-1.3.4.tgz",
      "integrity": "sha512-h8rADpW3k/wepLdERKF0VKMAPdoFYNQCLGPmc/f8sgQ2dxUy+7sY4WAX2XDUDjhKTjbJVbxxofLkzy7f1/tE4g=="
    }
  }
}
