{
  "name": "openapi-default-setter",
  "version": "12.1.1",
  "lockfileVersion": 2,
  "requires": true,
  "packages": {
    "": {
      "name": "openapi-default-setter",
      "version": "11.0.0",
      "license": "MIT",
      "dependencies": {
        "openapi-types": "^11.0.0"
      }
    },
    "node_modules/openapi-types": {
      "version": "11.0.0",
      "resolved": "https://registry.npmjs.org/openapi-types/-/openapi-types-11.0.0.tgz",
      "integrity": "sha512-GB+QO6o1hAtKsb8tP3/FTD5jpkdKrf42L4Gel9UySngMurzr+Q9pO+dtnmySQCzoCEfJr39IH6bveEn71xNcVg=="
    }
  },
  "dependencies": {
    "openapi-types": {
      "version": "11.0.0",
      "resolved": "https://registry.npmjs.org/openapi-types/-/openapi-types-11.0.0.tgz",
      "integrity": "sha512-GB+QO6o1hAtKsb8tP3/FTD5jpkdKrf42L4Gel9UySngMurzr+Q9pO+dtnmySQCzoCEfJr39IH6bveEn71xNcVg=="
    }
  }
}
