{
  "name": "openapi-jsonschema-parameters",
  "version": "1.0.2",
  "lockfileVersion": 1,
  "requires": true,
  "dependencies": {
    "openapi-types": {
      "version": "1.3.1",
      "resolved": "https://registry.npmjs.org/openapi-types/-/openapi-types-1.3.1.tgz",
      "integrity": "sha512-JhbXFVClTDmTV66phBaVCQMycRNf5ttVo0JukDlmZegA3QXkJj2/Pr0Ib2VVtZC+Ma9sLFPb1KPnwFkijhkmAA=="
    }
  }
}
