{
	"name": "openapi-request-coercer",
	"version": "10.0.0",
	"lockfileVersion": 1,
	"requires": true,
	"dependencies": {
		"openapi-types": {
			"version": "9.2.0",
			"resolved": "https://registry.npmjs.org/openapi-types/-/openapi-types-9.2.0.tgz",
			"integrity": "sha512-3x0gg8DxhpZ5MVki7AK6jmMdVIZASmVGo9CoUtD+nksLdkqz7EzWKdfS9Oxxq1J7idnZV0b3LjqcvizfKFySpQ=="
		},
		"ts-log": {
			"version": "2.1.4",
			"resolved": "https://registry.npmjs.org/ts-log/-/ts-log-2.1.4.tgz",
			"integrity": "sha512-P1EJSoyV+N3bR/IWFeAqXzKPZwHpnLY6j7j58mAvewHRipo+BQM2Y1f9Y9BjEQznKwgqqZm7H8iuixmssU7tYQ=="
		}
	}
}
