{
  "name": "openapi-request-coercer",
  "version": "2.0.1",
  "lockfileVersion": 1,
  "requires": true,
  "dependencies": {
    "openapi-types": {
      "version": "1.3.1",
      "resolved": "https://registry.npmjs.org/openapi-types/-/openapi-types-1.3.1.tgz",
      "integrity": "sha1-9oj1uNVI2ts0prEbba12yqHWSC0="
    }
  }
}
