{
  "name": "openapi-request-coercer",
  "version": "2.3.0",
  "lockfileVersion": 1,
  "requires": true,
  "dependencies": {
    "openapi-types": {
      "version": "1.3.5",
      "resolved": "https://registry.npmjs.org/openapi-types/-/openapi-types-1.3.5.tgz",
      "integrity": "sha512-11oi4zYorsgvg5yBarZplAqbpev5HkuVNPlZaPTknPDzAynq+lnJdXAmruGWP0s+dNYZS7bjM+xrTpJw7184Fg=="
    }
  }
}
