{
  "name": "openapi-framework",
  "version": "12.1.1",
  "lockfileVersion": 2,
  "requires": true,
  "packages": {
    "": {
      "name": "openapi-framework",
      "version": "12.1.0",
      "license": "MIT",
      "dependencies": {
        "difunc": "0.0.4",
        "fs-routes": "^12.0.0",
        "glob": "*",
        "is-dir": "^1.0.0",
        "js-yaml": "^3.10.0",
        "openapi-default-setter": "^12.1.0",
        "openapi-request-coercer": "^12.1.0",
        "openapi-request-validator": "^12.1.0",
        "openapi-response-validator": "^12.1.0",
        "openapi-schema-validator": "^12.1.0",
        "openapi-security-handler": "^12.1.0",
        "openapi-types": "^12.1.0",
        "ts-log": "^2.1.4"
      }
    },
    "node_modules/ajv": {
      "version": "8.12.0",
      "resolved": "https://registry.npmjs.org/ajv/-/ajv-8.12.0.tgz",
      "integrity": "sha512-sRu1kpcO9yLtYxBKvqfTeh9KzZEwO3STyX1HT+4CaDzC6HpTGYhIhPIzj9XuKU7KYDwnaeh5hcOwjy1QuJzBPA==",
      "dependencies": {
        "fast-deep-equal": "^3.1.1",
        "json-schema-traverse": "^1.0.0",
        "require-from-string": "^2.0.2",
        "uri-js": "^4.2.2"
      },
      "funding": {
        "type": "github",
        "url": "https://github.com/sponsors/epoberezkin"
      }
    },
    "node_modules/ajv-formats": {
      "version": "2.1.1",
      "resolved": "https://registry.npmjs.org/ajv-formats/-/ajv-formats-2.1.1.tgz",
      "integrity": "sha512-Wx0Kx52hxE7C18hkMEggYlEifqWZtYaRgouJor+WMdPnQyEK13vgEWyVNup7SoeeoLMsr4kf5h6dOW11I15MUA==",
      "dependencies": {
        "ajv": "^8.0.0"
      },
      "peerDependencies": {
        "ajv": "^8.0.0"
      },
      "peerDependenciesMeta": {
        "ajv": {
          "optional": true
        }
      }
    },
    "node_modules/argparse": {
      "version": "1.0.10",
      "resolved": "https://registry.npmjs.org/argparse/-/argparse-1.0.10.tgz",
      "integrity": "sha512-o5Roy6tNG4SL/FOkCAN6RzjiakZS25RLYFrcMttJqbdd8BWrnA+fGz57iN5Pb06pvBGvl5gQ0B48dJlslXvoTg==",
      "dependencies": {
        "sprintf-js": "~1.0.2"
      }
    },
    "node_modules/balanced-match": {
      "version": "1.0.0",
      "resolved": "https://registry.npmjs.org/balanced-match/-/balanced-match-1.0.0.tgz",
      "integrity": "sha1-ibTRmasr7kneFk6gK4nORi1xt2c="
    },
    "node_modules/brace-expansion": {
      "version": "1.1.11",
      "resolved": "https://registry.npmjs.org/brace-expansion/-/brace-expansion-1.1.11.tgz",
      "integrity": "sha512-iCuPHDFgrHX7H2vEI/5xpz07zSHB00TpugqhmYtVmMO6518mCuRMoOYFldEBl0g187ufozdaHgWKcYFb61qGiA==",
      "dependencies": {
        "balanced-match": "^1.0.0",
        "concat-map": "0.0.1"
      }
    },
    "node_modules/concat-map": {
      "version": "0.0.1",
      "resolved": "https://registry.npmjs.org/concat-map/-/concat-map-0.0.1.tgz",
      "integrity": "sha1-2Klr13/Wjfd5OnMDajug1UBdR3s="
    },
    "node_modules/content-type": {
      "version": "1.0.4",
      "resolved": "https://registry.npmjs.org/content-type/-/content-type-1.0.4.tgz",
      "integrity": "sha512-hIP3EEPs8tB9AT1L+NUqtwOAps4mk2Zob89MWXMHjHWg9milF/j4osnnQLXBCBFBk/tvIG/tUc9mOUJiPBhPXA==",
      "engines": {
        "node": ">= 0.6"
      }
    },
    "node_modules/difunc": {
      "version": "0.0.4",
      "resolved": "https://registry.npmjs.org/difunc/-/difunc-0.0.4.tgz",
      "integrity": "sha512-zBiL4ALDmviHdoLC0g0G6wVme5bwAow9WfhcZLLopXCAWgg3AEf7RYTs2xugszIGulRHzEVDF/SHl9oyQU07Pw==",
      "dependencies": {
        "esprima": "^4.0.0"
      }
    },
    "node_modules/esprima": {
      "version": "4.0.1",
      "resolved": "https://registry.npmjs.org/esprima/-/esprima-4.0.1.tgz",
      "integrity": "sha512-eGuFFw7Upda+g4p+QHvnW0RyTX/SVeJBDM/gCtMARO0cLuT2HcEKnTPvhjV6aGeqrCB/sbNop0Kszm0jsaWU4A==",
      "bin": {
        "esparse": "bin/esparse.js",
        "esvalidate": "bin/esvalidate.js"
      },
      "engines": {
        "node": ">=4"
      }
    },
    "node_modules/fast-deep-equal": {
      "version": "3.1.3",
      "resolved": "https://registry.npmjs.org/fast-deep-equal/-/fast-deep-equal-3.1.3.tgz",
      "integrity": "sha512-f3qQ9oQy9j2AhBe/H9VC91wLmKBCCU/gDOnKNAYG5hswO7BLKj09Hc5HYNz9cGI++xlpDCIgDaitVs03ATR84Q=="
    },
    "node_modules/fs-routes": {
      "version": "12.0.0",
      "resolved": "https://registry.npmjs.org/fs-routes/-/fs-routes-12.0.0.tgz",
      "integrity": "sha512-ik1ezT+N8roNkp966PG/TMDd3aocLw+VmYTJnwOiAWIq3CI90FBOM79qmZPanz5gl671O7fu1wiWeqF5IxQslQ==",
      "peerDependencies": {
        "glob": ">=7.1.6"
      }
    },
    "node_modules/fs.realpath": {
      "version": "1.0.0",
      "resolved": "https://registry.npmjs.org/fs.realpath/-/fs.realpath-1.0.0.tgz",
      "integrity": "sha1-FQStJSMVjKpA20onh8sBQRmU6k8="
    },
    "node_modules/glob": {
      "version": "7.1.6",
      "resolved": "https://registry.npmjs.org/glob/-/glob-7.1.6.tgz",
      "integrity": "sha512-LwaxwyZ72Lk7vZINtNNrywX0ZuLyStrdDtabefZKAY5ZGJhVtgdznluResxNmPitE0SAO+O26sWTHeKSI2wMBA==",
      "dependencies": {
        "fs.realpath": "^1.0.0",
        "inflight": "^1.0.4",
        "inherits": "2",
        "minimatch": "^3.0.4",
        "once": "^1.3.0",
        "path-is-absolute": "^1.0.0"
      },
      "engines": {
        "node": "*"
      },
      "funding": {
        "url": "https://github.com/sponsors/isaacs"
      }
    },
    "node_modules/inflight": {
      "version": "1.0.6",
      "resolved": "https://registry.npmjs.org/inflight/-/inflight-1.0.6.tgz",
      "integrity": "sha1-Sb1jMdfQLQwJvJEKEHW6gWW1bfk=",
      "dependencies": {
        "once": "^1.3.0",
        "wrappy": "1"
      }
    },
    "node_modules/inherits": {
      "version": "2.0.4",
      "resolved": "https://registry.npmjs.org/inherits/-/inherits-2.0.4.tgz",
      "integrity": "sha512-k/vGaX4/Yla3WzyMCvTQOXYeIHvqOKtnqBduzTHpzpQZzAskKMhZ2K+EnBiSM9zGSoIFeMpXKxa4dYeZIQqewQ=="
    },
    "node_modules/is-dir": {
      "version": "1.0.0",
      "resolved": "https://registry.npmjs.org/is-dir/-/is-dir-1.0.0.tgz",
      "integrity": "sha1-QdN/SV/MrMBaR3jWboMCTCkro/8="
    },
    "node_modules/js-yaml": {
      "version": "3.14.0",
      "resolved": "https://registry.npmjs.org/js-yaml/-/js-yaml-3.14.0.tgz",
      "integrity": "sha512-/4IbIeHcD9VMHFqDR/gQ7EdZdLimOvW2DdcxFjdyyZ9NsbS+ccrXqVWDtab/lRl5AlUqmpBx8EhPaWR+OtY17A==",
      "dependencies": {
        "argparse": "^1.0.7",
        "esprima": "^4.0.0"
      },
      "bin": {
        "js-yaml": "bin/js-yaml.js"
      }
    },
    "node_modules/json-schema-traverse": {
      "version": "1.0.0",
      "resolved": "https://registry.npmjs.org/json-schema-traverse/-/json-schema-traverse-1.0.0.tgz",
      "integrity": "sha512-NM8/P9n3XjXhIZn1lLhkFaACTOURQXjWhV4BA/RnOv8xvgqtqpAX9IO4mRQxSx1Rlo4tqzeqb0sOlruaOy3dug=="
    },
    "node_modules/lodash.merge": {
      "version": "4.6.2",
      "resolved": "https://registry.npmjs.org/lodash.merge/-/lodash.merge-4.6.2.tgz",
      "integrity": "sha512-0KpjqXRVvrYyCsX1swR/XTK0va6VQkQM6MNo7PqW77ByjAhoARA8EfrP1N4+KlKj8YS0ZUCtRT/YUuhyYDujIQ=="
    },
    "node_modules/minimatch": {
      "version": "3.1.2",
      "resolved": "https://registry.npmjs.org/minimatch/-/minimatch-3.1.2.tgz",
      "integrity": "sha512-J7p63hRiAjw1NDEww1W7i37+ByIrOWO5XQQAzZ3VOcL0PNybwpfmV/N05zFAzwQ9USyEcX6t3UO+K5aqBQOIHw==",
      "dependencies": {
        "brace-expansion": "^1.1.7"
      },
      "engines": {
        "node": "*"
      }
    },
    "node_modules/once": {
      "version": "1.4.0",
      "resolved": "https://registry.npmjs.org/once/-/once-1.4.0.tgz",
      "integrity": "sha1-WDsap3WWHUsROsF9nFC6753Xa9E=",
      "dependencies": {
        "wrappy": "1"
      }
    },
    "node_modules/openapi-default-setter": {
      "version": "12.1.0",
      "resolved": "https://registry.npmjs.org/openapi-default-setter/-/openapi-default-setter-12.1.0.tgz",
      "integrity": "sha512-nk08UIlCr/kNpH5r7QVmjmMeapFLwJZCqesCxEciu+wuRKrq9YU/gx/D5hhRObtfpo/7ee49MJU4vwPCO65C1A==",
      "dependencies": {
        "openapi-types": "^12.1.0"
      }
    },
    "node_modules/openapi-jsonschema-parameters": {
      "version": "12.1.0",
      "resolved": "https://registry.npmjs.org/openapi-jsonschema-parameters/-/openapi-jsonschema-parameters-12.1.0.tgz",
      "integrity": "sha512-JmJfBHAomeWefA9HAu5Ee9VDtLRG6C2jVwOjHXvBL8BcRw65ibYTmWMvA7MIYbPT1WHe1waUzw4An7a+Nr/RWg==",
      "dependencies": {
        "openapi-types": "^12.1.0"
      }
    },
    "node_modules/openapi-request-coercer": {
      "version": "12.1.0",
      "resolved": "https://registry.npmjs.org/openapi-request-coercer/-/openapi-request-coercer-12.1.0.tgz",
      "integrity": "sha512-fcZSwRsE/L5coxLhCUCa7LMFBJl8lVbihkR8yXbgLr6jAKHXsKGDB9UWVyZCkJecdROSNwUHmBsnN9kScN27Aw==",
      "dependencies": {
        "openapi-types": "^12.1.0",
        "ts-log": "^2.1.4"
      }
    },
    "node_modules/openapi-request-validator": {
      "version": "12.1.0",
      "resolved": "https://registry.npmjs.org/openapi-request-validator/-/openapi-request-validator-12.1.0.tgz",
      "integrity": "sha512-WbcX/mrRGq0GBOqf/Rv4X0vY2WUO1ZmOjrWsnRByEIIJ/6LDWVUqlgEnpVEzpDN8Z2/XoK+YPcFnqIalFmn3sA==",
      "dependencies": {
        "ajv": "^8.3.0",
        "ajv-formats": "^2.1.0",
        "content-type": "^1.0.4",
        "openapi-jsonschema-parameters": "^12.1.0",
        "openapi-types": "^12.1.0",
        "ts-log": "^2.1.4"
      }
    },
    "node_modules/openapi-response-validator": {
      "version": "12.1.0",
      "resolved": "https://registry.npmjs.org/openapi-response-validator/-/openapi-response-validator-12.1.0.tgz",
      "integrity": "sha512-GavGFToPoCt6iF5IZXfyXggmu4urNYmC0FN4CLJF5y8mbwWviI73Te5fybiUE2TmXvvaGSs9EKumSX7Ibxv6Sw==",
      "dependencies": {
        "ajv": "^8.4.0",
        "openapi-types": "^12.1.0"
      }
    },
    "node_modules/openapi-schema-validator": {
      "version": "12.1.0",
      "resolved": "https://registry.npmjs.org/openapi-schema-validator/-/openapi-schema-validator-12.1.0.tgz",
      "integrity": "sha512-gr9mZCHu5QmADePYNhizaSAsB0HdY/DespPue10NQID1jB+56Jf+dfnJcnMOVKsG4ZAedVY5oyLFGI1Gk0wm7w==",
      "dependencies": {
        "ajv": "^8.1.0",
        "ajv-formats": "^2.0.2",
        "lodash.merge": "^4.6.1",
        "openapi-types": "^12.1.0"
      }
    },
    "node_modules/openapi-security-handler": {
      "version": "12.1.0",
      "resolved": "https://registry.npmjs.org/openapi-security-handler/-/openapi-security-handler-12.1.0.tgz",
      "integrity": "sha512-WpEhoFFOQPheyIMaNtakfG2WJo74WPbLL5UzV7WhxvylGao1SykoVu1zRW49hHjKG/6LvM4pH4rBCqCzgbKsWw==",
      "dependencies": {
        "openapi-types": "^12.1.0"
      }
    },
    "node_modules/openapi-types": {
      "version": "12.1.0",
      "resolved": "https://registry.npmjs.org/openapi-types/-/openapi-types-12.1.0.tgz",
      "integrity": "sha512-XpeCy01X6L5EpP+6Hc3jWN7rMZJ+/k1lwki/kTmWzbVhdPie3jd5O2ZtedEx8Yp58icJ0osVldLMrTB/zslQXA=="
    },
    "node_modules/path-is-absolute": {
      "version": "1.0.1",
      "resolved": "https://registry.npmjs.org/path-is-absolute/-/path-is-absolute-1.0.1.tgz",
      "integrity": "sha1-F0uSaHNVNP+8es5r9TpanhtcX18=",
      "engines": {
        "node": ">=0.10.0"
      }
    },
    "node_modules/punycode": {
      "version": "2.2.0",
      "resolved": "https://registry.npmjs.org/punycode/-/punycode-2.2.0.tgz",
      "integrity": "sha512-LN6QV1IJ9ZhxWTNdktaPClrNfp8xdSAYS0Zk2ddX7XsXZAxckMHPCBcHRo0cTcEIgYPRiGEkmji3Idkh2yFtYw==",
      "engines": {
        "node": ">=6"
      }
    },
    "node_modules/require-from-string": {
      "version": "2.0.2",
      "resolved": "https://registry.npmjs.org/require-from-string/-/require-from-string-2.0.2.tgz",
      "integrity": "sha512-Xf0nWe6RseziFMu+Ap9biiUbmplq6S9/p+7w7YXP/JBHhrUDDUhwa+vANyubuqfZWTveU//DYVGsDG7RKL/vEw==",
      "engines": {
        "node": ">=0.10.0"
      }
    },
    "node_modules/sprintf-js": {
      "version": "1.0.3",
      "resolved": "https://registry.npmjs.org/sprintf-js/-/sprintf-js-1.0.3.tgz",
      "integrity": "sha1-BOaSb2YolTVPPdAVIDYzuFcpfiw="
    },
    "node_modules/ts-log": {
      "version": "2.1.4",
      "resolved": "https://registry.npmjs.org/ts-log/-/ts-log-2.1.4.tgz",
      "integrity": "sha512-P1EJSoyV+N3bR/IWFeAqXzKPZwHpnLY6j7j58mAvewHRipo+BQM2Y1f9Y9BjEQznKwgqqZm7H8iuixmssU7tYQ=="
    },
    "node_modules/uri-js": {
      "version": "4.4.1",
      "resolved": "https://registry.npmjs.org/uri-js/-/uri-js-4.4.1.tgz",
      "integrity": "sha512-7rKUyy33Q1yc98pQ1DAmLtwX109F7TIfWlW1Ydo8Wl1ii1SeHieeh0HHfPeL2fMXK6z0s8ecKs9frCuLJvndBg==",
      "dependencies": {
        "punycode": "^2.1.0"
      }
    },
    "node_modules/wrappy": {
      "version": "1.0.2",
      "resolved": "https://registry.npmjs.org/wrappy/-/wrappy-1.0.2.tgz",
      "integrity": "sha1-tSQ9jz7BqjXxNkYFvA0QNuMKtp8="
    }
  },
  "dependencies": {
    "ajv": {
      "version": "8.12.0",
      "resolved": "https://registry.npmjs.org/ajv/-/ajv-8.12.0.tgz",
      "integrity": "sha512-sRu1kpcO9yLtYxBKvqfTeh9KzZEwO3STyX1HT+4CaDzC6HpTGYhIhPIzj9XuKU7KYDwnaeh5hcOwjy1QuJzBPA==",
      "requires": {
        "fast-deep-equal": "^3.1.1",
        "json-schema-traverse": "^1.0.0",
        "require-from-string": "^2.0.2",
        "uri-js": "^4.2.2"
      }
    },
    "ajv-formats": {
      "version": "2.1.1",
      "resolved": "https://registry.npmjs.org/ajv-formats/-/ajv-formats-2.1.1.tgz",
      "integrity": "sha512-Wx0Kx52hxE7C18hkMEggYlEifqWZtYaRgouJor+WMdPnQyEK13vgEWyVNup7SoeeoLMsr4kf5h6dOW11I15MUA==",
      "requires": {
        "ajv": "^8.0.0"
      }
    },
    "argparse": {
      "version": "1.0.10",
      "resolved": "https://registry.npmjs.org/argparse/-/argparse-1.0.10.tgz",
      "integrity": "sha512-o5Roy6tNG4SL/FOkCAN6RzjiakZS25RLYFrcMttJqbdd8BWrnA+fGz57iN5Pb06pvBGvl5gQ0B48dJlslXvoTg==",
      "requires": {
        "sprintf-js": "~1.0.2"
      }
    },
    "balanced-match": {
      "version": "1.0.0",
      "resolved": "https://registry.npmjs.org/balanced-match/-/balanced-match-1.0.0.tgz",
      "integrity": "sha1-ibTRmasr7kneFk6gK4nORi1xt2c="
    },
    "brace-expansion": {
      "version": "1.1.11",
      "resolved": "https://registry.npmjs.org/brace-expansion/-/brace-expansion-1.1.11.tgz",
      "integrity": "sha512-iCuPHDFgrHX7H2vEI/5xpz07zSHB00TpugqhmYtVmMO6518mCuRMoOYFldEBl0g187ufozdaHgWKcYFb61qGiA==",
      "requires": {
        "balanced-match": "^1.0.0",
        "concat-map": "0.0.1"
      }
    },
    "concat-map": {
      "version": "0.0.1",
      "resolved": "https://registry.npmjs.org/concat-map/-/concat-map-0.0.1.tgz",
      "integrity": "sha1-2Klr13/Wjfd5OnMDajug1UBdR3s="
    },
    "content-type": {
      "version": "1.0.4",
      "resolved": "https://registry.npmjs.org/content-type/-/content-type-1.0.4.tgz",
      "integrity": "sha512-hIP3EEPs8tB9AT1L+NUqtwOAps4mk2Zob89MWXMHjHWg9milF/j4osnnQLXBCBFBk/tvIG/tUc9mOUJiPBhPXA=="
    },
    "difunc": {
      "version": "0.0.4",
      "resolved": "https://registry.npmjs.org/difunc/-/difunc-0.0.4.tgz",
      "integrity": "sha512-zBiL4ALDmviHdoLC0g0G6wVme5bwAow9WfhcZLLopXCAWgg3AEf7RYTs2xugszIGulRHzEVDF/SHl9oyQU07Pw==",
      "requires": {
        "esprima": "^4.0.0"
      }
    },
    "esprima": {
      "version": "4.0.1",
      "resolved": "https://registry.npmjs.org/esprima/-/esprima-4.0.1.tgz",
      "integrity": "sha512-eGuFFw7Upda+g4p+QHvnW0RyTX/SVeJBDM/gCtMARO0cLuT2HcEKnTPvhjV6aGeqrCB/sbNop0Kszm0jsaWU4A=="
    },
    "fast-deep-equal": {
      "version": "3.1.3",
      "resolved": "https://registry.npmjs.org/fast-deep-equal/-/fast-deep-equal-3.1.3.tgz",
      "integrity": "sha512-f3qQ9oQy9j2AhBe/H9VC91wLmKBCCU/gDOnKNAYG5hswO7BLKj09Hc5HYNz9cGI++xlpDCIgDaitVs03ATR84Q=="
    },
    "fs-routes": {
      "version": "12.0.0",
      "resolved": "https://registry.npmjs.org/fs-routes/-/fs-routes-12.0.0.tgz",
      "integrity": "sha512-ik1ezT+N8roNkp966PG/TMDd3aocLw+VmYTJnwOiAWIq3CI90FBOM79qmZPanz5gl671O7fu1wiWeqF5IxQslQ==",
      "requires": {}
    },
    "fs.realpath": {
      "version": "1.0.0",
      "resolved": "https://registry.npmjs.org/fs.realpath/-/fs.realpath-1.0.0.tgz",
      "integrity": "sha1-FQStJSMVjKpA20onh8sBQRmU6k8="
    },
    "glob": {
      "version": "7.1.6",
      "resolved": "https://registry.npmjs.org/glob/-/glob-7.1.6.tgz",
      "integrity": "sha512-LwaxwyZ72Lk7vZINtNNrywX0ZuLyStrdDtabefZKAY5ZGJhVtgdznluResxNmPitE0SAO+O26sWTHeKSI2wMBA==",
      "requires": {
        "fs.realpath": "^1.0.0",
        "inflight": "^1.0.4",
        "inherits": "2",
        "minimatch": "^3.0.4",
        "once": "^1.3.0",
        "path-is-absolute": "^1.0.0"
      }
    },
    "inflight": {
      "version": "1.0.6",
      "resolved": "https://registry.npmjs.org/inflight/-/inflight-1.0.6.tgz",
      "integrity": "sha1-Sb1jMdfQLQwJvJEKEHW6gWW1bfk=",
      "requires": {
        "once": "^1.3.0",
        "wrappy": "1"
      }
    },
    "inherits": {
      "version": "2.0.4",
      "resolved": "https://registry.npmjs.org/inherits/-/inherits-2.0.4.tgz",
      "integrity": "sha512-k/vGaX4/Yla3WzyMCvTQOXYeIHvqOKtnqBduzTHpzpQZzAskKMhZ2K+EnBiSM9zGSoIFeMpXKxa4dYeZIQqewQ=="
    },
    "is-dir": {
      "version": "1.0.0",
      "resolved": "https://registry.npmjs.org/is-dir/-/is-dir-1.0.0.tgz",
      "integrity": "sha1-QdN/SV/MrMBaR3jWboMCTCkro/8="
    },
    "js-yaml": {
      "version": "3.14.0",
      "resolved": "https://registry.npmjs.org/js-yaml/-/js-yaml-3.14.0.tgz",
      "integrity": "sha512-/4IbIeHcD9VMHFqDR/gQ7EdZdLimOvW2DdcxFjdyyZ9NsbS+ccrXqVWDtab/lRl5AlUqmpBx8EhPaWR+OtY17A==",
      "requires": {
        "argparse": "^1.0.7",
        "esprima": "^4.0.0"
      }
    },
    "json-schema-traverse": {
      "version": "1.0.0",
      "resolved": "https://registry.npmjs.org/json-schema-traverse/-/json-schema-traverse-1.0.0.tgz",
      "integrity": "sha512-NM8/P9n3XjXhIZn1lLhkFaACTOURQXjWhV4BA/RnOv8xvgqtqpAX9IO4mRQxSx1Rlo4tqzeqb0sOlruaOy3dug=="
    },
    "lodash.merge": {
      "version": "4.6.2",
      "resolved": "https://registry.npmjs.org/lodash.merge/-/lodash.merge-4.6.2.tgz",
      "integrity": "sha512-0KpjqXRVvrYyCsX1swR/XTK0va6VQkQM6MNo7PqW77ByjAhoARA8EfrP1N4+KlKj8YS0ZUCtRT/YUuhyYDujIQ=="
    },
    "minimatch": {
      "version": "3.1.2",
      "resolved": "https://registry.npmjs.org/minimatch/-/minimatch-3.1.2.tgz",
      "integrity": "sha512-J7p63hRiAjw1NDEww1W7i37+ByIrOWO5XQQAzZ3VOcL0PNybwpfmV/N05zFAzwQ9USyEcX6t3UO+K5aqBQOIHw==",
      "requires": {
        "brace-expansion": "^1.1.7"
      }
    },
    "once": {
      "version": "1.4.0",
      "resolved": "https://registry.npmjs.org/once/-/once-1.4.0.tgz",
      "integrity": "sha1-WDsap3WWHUsROsF9nFC6753Xa9E=",
      "requires": {
        "wrappy": "1"
      }
    },
    "openapi-default-setter": {
      "version": "12.1.0",
      "resolved": "https://registry.npmjs.org/openapi-default-setter/-/openapi-default-setter-12.1.0.tgz",
      "integrity": "sha512-nk08UIlCr/kNpH5r7QVmjmMeapFLwJZCqesCxEciu+wuRKrq9YU/gx/D5hhRObtfpo/7ee49MJU4vwPCO65C1A==",
      "requires": {
        "openapi-types": "^12.1.0"
      }
    },
    "openapi-jsonschema-parameters": {
      "version": "12.1.0",
      "resolved": "https://registry.npmjs.org/openapi-jsonschema-parameters/-/openapi-jsonschema-parameters-12.1.0.tgz",
      "integrity": "sha512-JmJfBHAomeWefA9HAu5Ee9VDtLRG6C2jVwOjHXvBL8BcRw65ibYTmWMvA7MIYbPT1WHe1waUzw4An7a+Nr/RWg==",
      "requires": {
        "openapi-types": "^12.1.0"
      }
    },
    "openapi-request-coercer": {
      "version": "12.1.0",
      "resolved": "https://registry.npmjs.org/openapi-request-coercer/-/openapi-request-coercer-12.1.0.tgz",
      "integrity": "sha512-fcZSwRsE/L5coxLhCUCa7LMFBJl8lVbihkR8yXbgLr6jAKHXsKGDB9UWVyZCkJecdROSNwUHmBsnN9kScN27Aw==",
      "requires": {
        "openapi-types": "^12.1.0",
        "ts-log": "^2.1.4"
      }
    },
    "openapi-request-validator": {
      "version": "12.1.0",
      "resolved": "https://registry.npmjs.org/openapi-request-validator/-/openapi-request-validator-12.1.0.tgz",
      "integrity": "sha512-WbcX/mrRGq0GBOqf/Rv4X0vY2WUO1ZmOjrWsnRByEIIJ/6LDWVUqlgEnpVEzpDN8Z2/XoK+YPcFnqIalFmn3sA==",
      "requires": {
        "ajv": "^8.3.0",
        "ajv-formats": "^2.1.0",
        "content-type": "^1.0.4",
        "openapi-jsonschema-parameters": "^12.1.0",
        "openapi-types": "^12.1.0",
        "ts-log": "^2.1.4"
      }
    },
    "openapi-response-validator": {
      "version": "12.1.0",
      "resolved": "https://registry.npmjs.org/openapi-response-validator/-/openapi-response-validator-12.1.0.tgz",
      "integrity": "sha512-GavGFToPoCt6iF5IZXfyXggmu4urNYmC0FN4CLJF5y8mbwWviI73Te5fybiUE2TmXvvaGSs9EKumSX7Ibxv6Sw==",
      "requires": {
        "ajv": "^8.4.0",
        "openapi-types": "^12.1.0"
      }
    },
    "openapi-schema-validator": {
      "version": "12.1.0",
      "resolved": "https://registry.npmjs.org/openapi-schema-validator/-/openapi-schema-validator-12.1.0.tgz",
      "integrity": "sha512-gr9mZCHu5QmADePYNhizaSAsB0HdY/DespPue10NQID1jB+56Jf+dfnJcnMOVKsG4ZAedVY5oyLFGI1Gk0wm7w==",
      "requires": {
        "ajv": "^8.1.0",
        "ajv-formats": "^2.0.2",
        "lodash.merge": "^4.6.1",
        "openapi-types": "^12.1.0"
      }
    },
    "openapi-security-handler": {
      "version": "12.1.0",
      "resolved": "https://registry.npmjs.org/openapi-security-handler/-/openapi-security-handler-12.1.0.tgz",
      "integrity": "sha512-WpEhoFFOQPheyIMaNtakfG2WJo74WPbLL5UzV7WhxvylGao1SykoVu1zRW49hHjKG/6LvM4pH4rBCqCzgbKsWw==",
      "requires": {
        "openapi-types": "^12.1.0"
      }
    },
    "openapi-types": {
      "version": "12.1.0",
      "resolved": "https://registry.npmjs.org/openapi-types/-/openapi-types-12.1.0.tgz",
      "integrity": "sha512-XpeCy01X6L5EpP+6Hc3jWN7rMZJ+/k1lwki/kTmWzbVhdPie3jd5O2ZtedEx8Yp58icJ0osVldLMrTB/zslQXA=="
    },
    "path-is-absolute": {
      "version": "1.0.1",
      "resolved": "https://registry.npmjs.org/path-is-absolute/-/path-is-absolute-1.0.1.tgz",
      "integrity": "sha1-F0uSaHNVNP+8es5r9TpanhtcX18="
    },
    "punycode": {
      "version": "2.2.0",
      "resolved": "https://registry.npmjs.org/punycode/-/punycode-2.2.0.tgz",
      "integrity": "sha512-LN6QV1IJ9ZhxWTNdktaPClrNfp8xdSAYS0Zk2ddX7XsXZAxckMHPCBcHRo0cTcEIgYPRiGEkmji3Idkh2yFtYw=="
    },
    "require-from-string": {
      "version": "2.0.2",
      "resolved": "https://registry.npmjs.org/require-from-string/-/require-from-string-2.0.2.tgz",
      "integrity": "sha512-Xf0nWe6RseziFMu+Ap9biiUbmplq6S9/p+7w7YXP/JBHhrUDDUhwa+vANyubuqfZWTveU//DYVGsDG7RKL/vEw=="
    },
    "sprintf-js": {
      "version": "1.0.3",
      "resolved": "https://registry.npmjs.org/sprintf-js/-/sprintf-js-1.0.3.tgz",
      "integrity": "sha1-BOaSb2YolTVPPdAVIDYzuFcpfiw="
    },
    "ts-log": {
      "version": "2.1.4",
      "resolved": "https://registry.npmjs.org/ts-log/-/ts-log-2.1.4.tgz",
      "integrity": "sha512-P1EJSoyV+N3bR/IWFeAqXzKPZwHpnLY6j7j58mAvewHRipo+BQM2Y1f9Y9BjEQznKwgqqZm7H8iuixmssU7tYQ=="
    },
    "uri-js": {
      "version": "4.4.1",
      "resolved": "https://registry.npmjs.org/uri-js/-/uri-js-4.4.1.tgz",
      "integrity": "sha512-7rKUyy33Q1yc98pQ1DAmLtwX109F7TIfWlW1Ydo8Wl1ii1SeHieeh0HHfPeL2fMXK6z0s8ecKs9frCuLJvndBg==",
      "requires": {
        "punycode": "^2.1.0"
      }
    },
    "wrappy": {
      "version": "1.0.2",
      "resolved": "https://registry.npmjs.org/wrappy/-/wrappy-1.0.2.tgz",
      "integrity": "sha1-tSQ9jz7BqjXxNkYFvA0QNuMKtp8="
    }
  }
}
