{
	"name": "express-openapi",
	"version": "10.1.0",
	"lockfileVersion": 1,
	"requires": true,
	"dependencies": {
		"@types/ajv": {
			"version": "1.0.0",
			"resolved": "https://registry.npmjs.org/@types/ajv/-/ajv-1.0.0.tgz",
			"integrity": "sha1-T7JEB0Ly9sMOf7B5e4OfxvaWaCo=",
			"dev": true,
			"requires": {
				"ajv": "*"
			}
		},
		"@types/body-parser": {
			"version": "1.19.0",
			"resolved": "https://registry.npmjs.org/@types/body-parser/-/body-parser-1.19.0.tgz",
			"integrity": "sha512-W98JrE0j2K78swW4ukqMleo8R7h/pFETjM2DQ90MF6XK2i4LO4W3gQ71Lt4w3bfm2EvVSyWHplECvB5sK22yFQ==",
			"dev": true,
			"requires": {
				"@types/connect": "*",
				"@types/node": "*"
			}
		},
		"@types/connect": {
			"version": "3.4.33",
			"resolved": "https://registry.npmjs.org/@types/connect/-/connect-3.4.33.tgz",
			"integrity": "sha512-2+FrkXY4zllzTNfJth7jOqEHC+enpLeGslEhpnTAkg21GkRrWV4SsAtqchtT4YS9/nODBU2/ZfsBY2X4J/dX7A==",
			"dev": true,
			"requires": {
				"@types/node": "*"
			}
		},
		"@types/express": {
			"version": "4.17.7",
			"resolved": "https://registry.npmjs.org/@types/express/-/express-4.17.7.tgz",
			"integrity": "sha512-dCOT5lcmV/uC2J9k0rPafATeeyz+99xTt54ReX11/LObZgfzJqZNcW27zGhYyX+9iSEGXGt5qLPwRSvBZcLvtQ==",
			"dev": true,
			"requires": {
				"@types/body-parser": "*",
				"@types/express-serve-static-core": "*",
				"@types/qs": "*",
				"@types/serve-static": "*"
			}
		},
		"@types/express-serve-static-core": {
			"version": "4.17.8",
			"resolved": "https://registry.npmjs.org/@types/express-serve-static-core/-/express-serve-static-core-4.17.8.tgz",
			"integrity": "sha512-1SJZ+R3Q/7mLkOD9ewCBDYD2k0WyZQtWYqF/2VvoNN2/uhI49J9CDN4OAm+wGMA0DbArA4ef27xl4+JwMtGggw==",
			"dev": true,
			"requires": {
				"@types/node": "*",
				"@types/qs": "*",
				"@types/range-parser": "*"
			}
		},
		"@types/mime": {
			"version": "2.0.2",
			"resolved": "https://registry.npmjs.org/@types/mime/-/mime-2.0.2.tgz",
			"integrity": "sha512-4kPlzbljFcsttWEq6aBW0OZe6BDajAmyvr2xknBG92tejQnvdGtT9+kXSZ580DqpxY9qG2xeQVF9Dq0ymUTo5Q==",
			"dev": true
		},
		"@types/node": {
			"version": "14.0.23",
			"resolved": "https://registry.npmjs.org/@types/node/-/node-14.0.23.tgz",
			"integrity": "sha512-Z4U8yDAl5TFkmYsZdFPdjeMa57NOvnaf1tljHzhouaPEp7LCj2JKkejpI1ODviIAQuW4CcQmxkQ77rnLsOOoKw==",
			"dev": true
		},
		"@types/qs": {
			"version": "6.9.3",
			"resolved": "https://registry.npmjs.org/@types/qs/-/qs-6.9.3.tgz",
			"integrity": "sha512-7s9EQWupR1fTc2pSMtXRQ9w9gLOcrJn+h7HOXw4evxyvVqMi4f+q7d2tnFe3ng3SNHjtK+0EzGMGFUQX4/AQRA==",
			"dev": true
		},
		"@types/range-parser": {
			"version": "1.2.3",
			"resolved": "https://registry.npmjs.org/@types/range-parser/-/range-parser-1.2.3.tgz",
			"integrity": "sha512-ewFXqrQHlFsgc09MK5jP5iR7vumV/BYayNC6PgJO2LPe8vrnNFyjQjSppfEngITi0qvfKtzFvgKymGheFM9UOA==",
			"dev": true
		},
		"@types/serve-static": {
			"version": "1.13.4",
			"resolved": "https://registry.npmjs.org/@types/serve-static/-/serve-static-1.13.4.tgz",
			"integrity": "sha512-jTDt0o/YbpNwZbQmE/+2e+lfjJEJJR0I3OFaKQKPWkASkCoW3i6fsUnqudSMcNAfbtmADGu8f4MV4q+GqULmug==",
			"dev": true,
			"requires": {
				"@types/express-serve-static-core": "*",
				"@types/mime": "*"
			}
		},
		"ajv": {
			"version": "8.5.0",
			"resolved": "https://registry.npmjs.org/ajv/-/ajv-8.5.0.tgz",
			"integrity": "sha512-Y2l399Tt1AguU3BPRP9Fn4eN+Or+StUGWCUpbnFyXSo8NZ9S4uj+AG2pjs5apK+ZMOwYOz1+a+VKvKH7CudXgQ==",
			"requires": {
				"fast-deep-equal": "^3.1.1",
				"json-schema-traverse": "^1.0.0",
				"require-from-string": "^2.0.2",
				"uri-js": "^4.2.2"
			},
			"dependencies": {
				"json-schema-traverse": {
					"version": "1.0.0",
					"resolved": "https://registry.npmjs.org/json-schema-traverse/-/json-schema-traverse-1.0.0.tgz",
					"integrity": "sha512-NM8/P9n3XjXhIZn1lLhkFaACTOURQXjWhV4BA/RnOv8xvgqtqpAX9IO4mRQxSx1Rlo4tqzeqb0sOlruaOy3dug=="
				}
			}
		},
		"ajv-formats": {
			"version": "2.1.1",
			"resolved": "https://registry.npmjs.org/ajv-formats/-/ajv-formats-2.1.1.tgz",
			"integrity": "sha512-Wx0Kx52hxE7C18hkMEggYlEifqWZtYaRgouJor+WMdPnQyEK13vgEWyVNup7SoeeoLMsr4kf5h6dOW11I15MUA==",
			"requires": {
				"ajv": "^8.0.0"
			}
		},
		"append-field": {
			"version": "1.0.0",
			"resolved": "https://registry.npmjs.org/append-field/-/append-field-1.0.0.tgz",
			"integrity": "sha1-HjRA6RXwsSA9I3SOeO3XubW0PlY=",
			"dev": true
		},
		"argparse": {
			"version": "1.0.10",
			"resolved": "https://registry.npmjs.org/argparse/-/argparse-1.0.10.tgz",
			"integrity": "sha512-o5Roy6tNG4SL/FOkCAN6RzjiakZS25RLYFrcMttJqbdd8BWrnA+fGz57iN5Pb06pvBGvl5gQ0B48dJlslXvoTg==",
			"requires": {
				"sprintf-js": "~1.0.2"
			}
		},
		"balanced-match": {
			"version": "1.0.2",
			"resolved": "https://registry.npmjs.org/balanced-match/-/balanced-match-1.0.2.tgz",
			"integrity": "sha512-3oSeUO0TMV67hN1AmbXsK4yaqU7tjiHlbxRDZOpH0KW9+CeX4bRAaX0Anxt0tx2MrpRpWwQaPwIlISEJhYU5Pw=="
		},
		"brace-expansion": {
			"version": "2.0.1",
			"resolved": "https://registry.npmjs.org/brace-expansion/-/brace-expansion-2.0.1.tgz",
			"integrity": "sha512-XnAIvQ8eM+kC6aULx6wuQiwVsnzsi9d3WxzV3FpWTGA19F621kwdbsAcFKXgKUHZWsy+mY6iL1sHTxWEFCytDA==",
			"requires": {
				"balanced-match": "^1.0.0"
			}
		},
		"buffer-from": {
			"version": "1.1.1",
			"resolved": "https://registry.npmjs.org/buffer-from/-/buffer-from-1.1.1.tgz",
			"integrity": "sha512-MQcXEUbCKtEo7bhqEs6560Hyd4XaovZlO/k9V3hjVUF/zwW7KBVdSK4gIt/bzwS9MbR5qob+F5jusZsb0YQK2A==",
			"dev": true
		},
		"busboy": {
			"version": "0.2.14",
			"resolved": "https://registry.npmjs.org/busboy/-/busboy-0.2.14.tgz",
			"integrity": "sha1-bCpiLvz0fFe7vh4qnDetNseSVFM=",
			"dev": true,
			"requires": {
				"dicer": "0.2.5",
				"readable-stream": "1.1.x"
			}
		},
		"concat-stream": {
			"version": "1.6.2",
			"resolved": "https://registry.npmjs.org/concat-stream/-/concat-stream-1.6.2.tgz",
			"integrity": "sha512-27HBghJxjiZtIk3Ycvn/4kbJk/1uZuJFfuPEns6LaEvpvG1f0hTea8lilrouyo9mVc2GWdcEZ8OLoGmSADlrCw==",
			"dev": true,
			"requires": {
				"buffer-from": "^1.0.0",
				"inherits": "^2.0.3",
				"readable-stream": "^2.2.2",
				"typedarray": "^0.0.6"
			},
			"dependencies": {
				"isarray": {
					"version": "1.0.0",
					"resolved": "https://registry.npmjs.org/isarray/-/isarray-1.0.0.tgz",
					"integrity": "sha1-u5NdSFgsuhaMBoNJV6VKPgcSTxE=",
					"dev": true
				},
				"readable-stream": {
					"version": "2.3.7",
					"resolved": "https://registry.npmjs.org/readable-stream/-/readable-stream-2.3.7.tgz",
					"integrity": "sha512-Ebho8K4jIbHAxnuxi7o42OrZgF/ZTNcsZj6nRKyUmkhLFq8CHItp/fy6hQZuZmP/n3yZ9VBUbp4zz/mX8hmYPw==",
					"dev": true,
					"requires": {
						"core-util-is": "~1.0.0",
						"inherits": "~2.0.3",
						"isarray": "~1.0.0",
						"process-nextick-args": "~2.0.0",
						"safe-buffer": "~5.1.1",
						"string_decoder": "~1.1.1",
						"util-deprecate": "~1.0.1"
					}
				},
				"string_decoder": {
					"version": "1.1.1",
					"resolved": "https://registry.npmjs.org/string_decoder/-/string_decoder-1.1.1.tgz",
					"integrity": "sha512-n/ShnvDi6FHbbVfviro+WojiFzv+s8MPMHBczVePfUpDJLwoLT0ht1l4YwBCbi8pJAveEEdnkHyPyTP/mzRfwg==",
					"dev": true,
					"requires": {
						"safe-buffer": "~5.1.0"
					}
				}
			}
		},
		"content-type": {
			"version": "1.0.4",
			"resolved": "https://registry.npmjs.org/content-type/-/content-type-1.0.4.tgz",
			"integrity": "sha512-hIP3EEPs8tB9AT1L+NUqtwOAps4mk2Zob89MWXMHjHWg9milF/j4osnnQLXBCBFBk/tvIG/tUc9mOUJiPBhPXA=="
		},
		"core-util-is": {
			"version": "1.0.2",
			"resolved": "https://registry.npmjs.org/core-util-is/-/core-util-is-1.0.2.tgz",
			"integrity": "sha1-tf1UIgqivFq1eqtxQMlAdUUDwac=",
			"dev": true
		},
		"dicer": {
			"version": "0.2.5",
			"resolved": "https://registry.npmjs.org/dicer/-/dicer-0.2.5.tgz",
			"integrity": "sha1-WZbAhrszIYyBLAkL3cCc0S+stw8=",
			"dev": true,
			"requires": {
				"readable-stream": "1.1.x",
				"streamsearch": "0.1.2"
			}
		},
		"difunc": {
			"version": "0.0.4",
			"resolved": "https://registry.npmjs.org/difunc/-/difunc-0.0.4.tgz",
			"integrity": "sha512-zBiL4ALDmviHdoLC0g0G6wVme5bwAow9WfhcZLLopXCAWgg3AEf7RYTs2xugszIGulRHzEVDF/SHl9oyQU07Pw==",
			"requires": {
				"esprima": "^4.0.0"
			}
		},
		"ee-first": {
			"version": "1.1.1",
			"resolved": "https://registry.npmjs.org/ee-first/-/ee-first-1.1.1.tgz",
			"integrity": "sha1-WQxhFWsK4vTwJVcyoViyZrxWsh0=",
			"dev": true
		},
		"esprima": {
			"version": "4.0.1",
			"resolved": "https://registry.npmjs.org/esprima/-/esprima-4.0.1.tgz",
			"integrity": "sha512-eGuFFw7Upda+g4p+QHvnW0RyTX/SVeJBDM/gCtMARO0cLuT2HcEKnTPvhjV6aGeqrCB/sbNop0Kszm0jsaWU4A=="
		},
		"express-normalize-query-params-middleware": {
			"version": "0.5.1",
			"resolved": "https://registry.npmjs.org/express-normalize-query-params-middleware/-/express-normalize-query-params-middleware-0.5.1.tgz",
			"integrity": "sha1-2+HoE5rssjT7attcAFnHXblzPSo="
		},
		"fast-deep-equal": {
			"version": "3.1.3",
			"resolved": "https://registry.npmjs.org/fast-deep-equal/-/fast-deep-equal-3.1.3.tgz",
			"integrity": "sha512-f3qQ9oQy9j2AhBe/H9VC91wLmKBCCU/gDOnKNAYG5hswO7BLKj09Hc5HYNz9cGI++xlpDCIgDaitVs03ATR84Q=="
		},
		"fs-routes": {
			"version": "10.0.0",
			"resolved": "https://registry.npmjs.org/fs-routes/-/fs-routes-10.0.0.tgz",
			"integrity": "sha512-3MzzDV0v0Cuxu6STgjOK+6doAKY4SD9Sm8Sf/99Vbmw1itdcOjC4D7rSlYmsvgapQL/hu5MaFS24YbSqAaeUkw=="
		},
		"fs.realpath": {
			"version": "1.0.0",
			"resolved": "https://registry.npmjs.org/fs.realpath/-/fs.realpath-1.0.0.tgz",
			"integrity": "sha1-FQStJSMVjKpA20onh8sBQRmU6k8="
		},
		"glob": {
			"version": "8.0.1",
			"resolved": "https://registry.npmjs.org/glob/-/glob-8.0.1.tgz",
			"integrity": "sha512-cF7FYZZ47YzmCu7dDy50xSRRfO3ErRfrXuLZcNIuyiJEco0XSrGtuilG19L5xp3NcwTx7Gn+X6Tv3fmsUPTbow==",
			"requires": {
				"fs.realpath": "^1.0.0",
				"inflight": "^1.0.4",
				"inherits": "2",
				"minimatch": "^5.0.1",
				"once": "^1.3.0",
				"path-is-absolute": "^1.0.0"
			}
		},
		"inflight": {
			"version": "1.0.6",
			"resolved": "https://registry.npmjs.org/inflight/-/inflight-1.0.6.tgz",
			"integrity": "sha1-Sb1jMdfQLQwJvJEKEHW6gWW1bfk=",
			"requires": {
				"once": "^1.3.0",
				"wrappy": "1"
			}
		},
		"inherits": {
			"version": "2.0.4",
			"resolved": "https://registry.npmjs.org/inherits/-/inherits-2.0.4.tgz",
			"integrity": "sha512-k/vGaX4/Yla3WzyMCvTQOXYeIHvqOKtnqBduzTHpzpQZzAskKMhZ2K+EnBiSM9zGSoIFeMpXKxa4dYeZIQqewQ=="
		},
		"is-dir": {
			"version": "1.0.0",
			"resolved": "https://registry.npmjs.org/is-dir/-/is-dir-1.0.0.tgz",
			"integrity": "sha1-QdN/SV/MrMBaR3jWboMCTCkro/8="
		},
		"isarray": {
			"version": "0.0.1",
			"resolved": "https://registry.npmjs.org/isarray/-/isarray-0.0.1.tgz",
			"integrity": "sha1-ihis/Kmo9Bd+Cav8YDiTmwXR7t8=",
			"dev": true
		},
		"js-yaml": {
			"version": "3.14.1",
			"resolved": "https://registry.npmjs.org/js-yaml/-/js-yaml-3.14.1.tgz",
			"integrity": "sha512-okMH7OXXJ7YrN9Ok3/SXrnu4iX9yOk+25nqX4imS2npuvTYDmo/QEZoqwZkYaIDk3jVvBOTOIEgEhaLOynBS9g==",
			"requires": {
				"argparse": "^1.0.7",
				"esprima": "^4.0.0"
			}
		},
		"lodash.merge": {
			"version": "4.6.2",
			"resolved": "https://registry.npmjs.org/lodash.merge/-/lodash.merge-4.6.2.tgz",
			"integrity": "sha512-0KpjqXRVvrYyCsX1swR/XTK0va6VQkQM6MNo7PqW77ByjAhoARA8EfrP1N4+KlKj8YS0ZUCtRT/YUuhyYDujIQ=="
		},
		"media-typer": {
			"version": "0.3.0",
			"resolved": "https://registry.npmjs.org/media-typer/-/media-typer-0.3.0.tgz",
			"integrity": "sha1-hxDXrwqmJvj/+hzgAWhUUmMlV0g=",
			"dev": true
		},
		"mime-db": {
			"version": "1.44.0",
			"resolved": "https://registry.npmjs.org/mime-db/-/mime-db-1.44.0.tgz",
			"integrity": "sha512-/NOTfLrsPBVeH7YtFPgsVWveuL+4SjjYxaQ1xtM1KMFj7HdxlBlxeyNLzhyJVx7r4rZGJAZ/6lkKCitSc/Nmpg==",
			"dev": true
		},
		"mime-types": {
			"version": "2.1.27",
			"resolved": "https://registry.npmjs.org/mime-types/-/mime-types-2.1.27.tgz",
			"integrity": "sha512-JIhqnCasI9yD+SsmkquHBxTSEuZdQX5BuQnS2Vc7puQQQ+8yiP5AY5uWhpdv4YL4VM5c6iliiYWPgJ/nJQLp7w==",
			"dev": true,
			"requires": {
				"mime-db": "1.44.0"
			}
		},
		"minimatch": {
			"version": "5.0.1",
			"resolved": "https://registry.npmjs.org/minimatch/-/minimatch-5.0.1.tgz",
			"integrity": "sha512-nLDxIFRyhDblz3qMuq+SoRZED4+miJ/G+tdDrjkkkRnjAsBexeGpgjLEQ0blJy7rHhR2b93rhQY4SvyWu9v03g==",
			"requires": {
				"brace-expansion": "^2.0.1"
			}
		},
		"minimist": {
			"version": "1.2.6",
			"resolved": "https://registry.npmjs.org/minimist/-/minimist-1.2.6.tgz",
			"integrity": "sha512-Jsjnk4bw3YJqYzbdyBiNsPWHPfO++UGG749Cxs6peCu5Xg4nrena6OVxOYxrQTqww0Jmwt+Ref8rggumkTLz9Q==",
			"dev": true
		},
		"mkdirp": {
			"version": "0.5.5",
			"resolved": "https://registry.npmjs.org/mkdirp/-/mkdirp-0.5.5.tgz",
			"integrity": "sha512-NKmAlESf6jMGym1++R0Ra7wvhV+wFW63FaSOFPwRahvea0gMUcGUhVeAg/0BC0wiv9ih5NYPB1Wn1UEI1/L+xQ==",
			"dev": true,
			"requires": {
				"minimist": "^1.2.5"
			}
		},
		"multer": {
			"version": "1.4.2",
			"resolved": "https://registry.npmjs.org/multer/-/multer-1.4.2.tgz",
			"integrity": "sha512-xY8pX7V+ybyUpbYMxtjM9KAiD9ixtg5/JkeKUTD6xilfDv0vzzOFcCp4Ljb1UU3tSOM3VTZtKo63OmzOrGi3Cg==",
			"dev": true,
			"requires": {
				"append-field": "^1.0.0",
				"busboy": "^0.2.11",
				"concat-stream": "^1.5.2",
				"mkdirp": "^0.5.1",
				"object-assign": "^4.1.1",
				"on-finished": "^2.3.0",
				"type-is": "^1.6.4",
				"xtend": "^4.0.0"
			}
		},
		"object-assign": {
			"version": "4.1.1",
			"resolved": "https://registry.npmjs.org/object-assign/-/object-assign-4.1.1.tgz",
			"integrity": "sha1-IQmtx5ZYh8/AXLvUQsrIv7s2CGM=",
			"dev": true
		},
		"on-finished": {
			"version": "2.3.0",
			"resolved": "https://registry.npmjs.org/on-finished/-/on-finished-2.3.0.tgz",
			"integrity": "sha1-IPEzZIGwg811M3mSoWlxqi2QaUc=",
			"dev": true,
			"requires": {
				"ee-first": "1.1.1"
			}
		},
		"once": {
			"version": "1.4.0",
			"resolved": "https://registry.npmjs.org/once/-/once-1.4.0.tgz",
			"integrity": "sha1-WDsap3WWHUsROsF9nFC6753Xa9E=",
			"requires": {
				"wrappy": "1"
			}
		},
		"openapi-default-setter": {
			"version": "10.0.0",
			"resolved": "https://registry.npmjs.org/openapi-default-setter/-/openapi-default-setter-10.0.0.tgz",
			"integrity": "sha512-HgJZM2T++eWtyRXOoxUWpHEnitUnVkTlV3cuD7h6zEwbX/hUWUboeoC40jE+R2RYCfToAeZjKk7FrWnSojs3Sw==",
			"requires": {
				"openapi-types": "^10.0.0"
			}
		},
		"openapi-framework": {
			"version": "10.1.0",
			"resolved": "https://registry.npmjs.org/openapi-framework/-/openapi-framework-10.1.0.tgz",
			"integrity": "sha512-bjY1jtEE2sQLfgAkSdGeleHSBwMPb0o4othyArMfTiyUyhQzJwfpPN+1EjivfP25ZTsaR+nyxY6rYjhPnuG0cQ==",
			"requires": {
				"difunc": "0.0.4",
				"fs-routes": "^10.0.0",
				"glob": "*",
				"is-dir": "^1.0.0",
				"js-yaml": "^3.10.0",
				"openapi-default-setter": "^10.0.0",
				"openapi-request-coercer": "^10.0.0",
				"openapi-request-validator": "^10.0.0",
				"openapi-response-validator": "^10.0.0",
				"openapi-schema-validator": "^10.0.0",
				"openapi-security-handler": "^10.0.0",
				"openapi-types": "^10.0.0",
				"ts-log": "^2.1.4"
			}
		},
		"openapi-jsonschema-parameters": {
			"version": "10.0.0",
			"resolved": "https://registry.npmjs.org/openapi-jsonschema-parameters/-/openapi-jsonschema-parameters-10.0.0.tgz",
			"integrity": "sha512-tsH3ZIEyMvUSfbngkyq89fPsnrlfXfq6+RsFtEvUovc0GgNf+kurdny7YDGR+Oo6q4fq9fvZtT7LXtZH3GT0Tw==",
			"requires": {
				"openapi-types": "^10.0.0"
			}
		},
		"openapi-request-coercer": {
			"version": "10.0.0",
			"resolved": "https://registry.npmjs.org/openapi-request-coercer/-/openapi-request-coercer-10.0.0.tgz",
			"integrity": "sha512-j8oLlKLtoE4mAKyDomyMmmGXau+5L9lnPMJa5VmpF6XGTMzMeqy8NulXVuQnm115TiPIrlleqJmEGgkxEEnzSw==",
			"requires": {
				"openapi-types": "^10.0.0",
				"ts-log": "^2.1.4"
			}
		},
		"openapi-request-validator": {
			"version": "10.0.0",
			"resolved": "https://registry.npmjs.org/openapi-request-validator/-/openapi-request-validator-10.0.0.tgz",
			"integrity": "sha512-VRhlZ3UfTarrm0GCs3d4rKOPSe+4HJW79vX/qogE0VJzPwcyAqBQMPfFgSICFr0y1keTguY45HC2wjhp3uUEIA==",
			"requires": {
				"ajv": "^8.3.0",
				"ajv-formats": "^2.1.0",
				"content-type": "^1.0.4",
				"openapi-jsonschema-parameters": "^10.0.0",
				"openapi-types": "^10.0.0",
				"ts-log": "^2.1.4"
			}
		},
		"openapi-response-validator": {
			"version": "10.0.0",
			"resolved": "https://registry.npmjs.org/openapi-response-validator/-/openapi-response-validator-10.0.0.tgz",
			"integrity": "sha512-uEarZadDY/Y04FRIl0AiF9iksjJGsFv0XPmwHpCKBQ2795zYFqhLa3i/pojkHOIsa6IZkfiJD4Goh+TzK/z6Yw==",
			"requires": {
				"ajv": "^8.4.0",
				"openapi-types": "^10.0.0"
			}
		},
		"openapi-schema-validator": {
			"version": "10.0.0",
			"resolved": "https://registry.npmjs.org/openapi-schema-validator/-/openapi-schema-validator-10.0.0.tgz",
			"integrity": "sha512-tfXR7kLhI2f7QgArfJn5imkFJ1dvLOO5r4b1JZQoW3PgPb3caOiaWZ+H1iLzFj3IG1gmM3BrYZD1sAvWtDwUCA==",
			"requires": {
				"ajv": "^8.1.0",
				"ajv-formats": "^2.0.2",
				"lodash.merge": "^4.6.1",
				"openapi-types": "^10.0.0"
			}
		},
		"openapi-security-handler": {
			"version": "10.0.0",
			"resolved": "https://registry.npmjs.org/openapi-security-handler/-/openapi-security-handler-10.0.0.tgz",
			"integrity": "sha512-agsrwJnObXRFfto2t2wbwYLQnzFB3huUbheCQHKTLh557FYlNDelYih4xoTIXbcONh6tseiyjzAe93LjJDX9iQ==",
			"requires": {
				"openapi-types": "^10.0.0"
			}
		},
		"openapi-types": {
			"version": "10.0.0",
			"resolved": "https://registry.npmjs.org/openapi-types/-/openapi-types-10.0.0.tgz",
			"integrity": "sha512-Y8xOCT2eiKGYDzMW9R4x5cmfc3vGaaI4EL2pwhDmodWw1HlK18YcZ4uJxc7Rdp7/gGzAygzH9SXr6GKYIXbRcQ=="
		},
		"path-is-absolute": {
			"version": "1.0.1",
			"resolved": "https://registry.npmjs.org/path-is-absolute/-/path-is-absolute-1.0.1.tgz",
			"integrity": "sha1-F0uSaHNVNP+8es5r9TpanhtcX18="
		},
		"process-nextick-args": {
			"version": "2.0.1",
			"resolved": "https://registry.npmjs.org/process-nextick-args/-/process-nextick-args-2.0.1.tgz",
			"integrity": "sha512-3ouUOpQhtgrbOa17J7+uxOTpITYWaGP7/AhoR3+A+/1e9skrzelGi/dXzEYyvbxubEF6Wn2ypscTKiKJFFn1ag==",
			"dev": true
		},
		"punycode": {
			"version": "2.1.1",
			"resolved": "https://registry.npmjs.org/punycode/-/punycode-2.1.1.tgz",
			"integrity": "sha512-XRsRjdf+j5ml+y/6GKHPZbrF/8p2Yga0JPtdqTIY2Xe5ohJPD9saDJJLPvp9+NSBprVvevdXZybnj2cv8OEd0A=="
		},
		"readable-stream": {
			"version": "1.1.14",
			"resolved": "https://registry.npmjs.org/readable-stream/-/readable-stream-1.1.14.tgz",
			"integrity": "sha1-fPTFTvZI44EwhMY23SB54WbAgdk=",
			"dev": true,
			"requires": {
				"core-util-is": "~1.0.0",
				"inherits": "~2.0.1",
				"isarray": "0.0.1",
				"string_decoder": "~0.10.x"
			}
		},
		"require-from-string": {
			"version": "2.0.2",
			"resolved": "https://registry.npmjs.org/require-from-string/-/require-from-string-2.0.2.tgz",
			"integrity": "sha512-Xf0nWe6RseziFMu+Ap9biiUbmplq6S9/p+7w7YXP/JBHhrUDDUhwa+vANyubuqfZWTveU//DYVGsDG7RKL/vEw=="
		},
		"safe-buffer": {
			"version": "5.1.2",
			"resolved": "https://registry.npmjs.org/safe-buffer/-/safe-buffer-5.1.2.tgz",
			"integrity": "sha512-Gd2UZBJDkXlY7GbJxfsE8/nvKkUEU1G38c1siN6QP6a9PT9MmHB8GnpscSmMJSoF8LOIrt8ud/wPtojys4G6+g==",
			"dev": true
		},
		"sprintf-js": {
			"version": "1.0.3",
			"resolved": "https://registry.npmjs.org/sprintf-js/-/sprintf-js-1.0.3.tgz",
			"integrity": "sha1-BOaSb2YolTVPPdAVIDYzuFcpfiw="
		},
		"streamsearch": {
			"version": "0.1.2",
			"resolved": "https://registry.npmjs.org/streamsearch/-/streamsearch-0.1.2.tgz",
			"integrity": "sha1-gIudDlb8Jz2Am6VzOOkpkZoanxo=",
			"dev": true
		},
		"string_decoder": {
			"version": "0.10.31",
			"resolved": "https://registry.npmjs.org/string_decoder/-/string_decoder-0.10.31.tgz",
			"integrity": "sha1-YuIDvEF2bGwoyfyEMB2rHFMQ+pQ=",
			"dev": true
		},
		"ts-log": {
			"version": "2.2.4",
			"resolved": "https://registry.npmjs.org/ts-log/-/ts-log-2.2.4.tgz",
			"integrity": "sha512-DEQrfv6l7IvN2jlzc/VTdZJYsWUnQNCsueYjMkC/iXoEoi5fNan6MjeDqkvhfzbmHgdz9UxDUluX3V5HdjTydQ=="
		},
		"type-is": {
			"version": "1.6.18",
			"resolved": "https://registry.npmjs.org/type-is/-/type-is-1.6.18.tgz",
			"integrity": "sha512-TkRKr9sUTxEH8MdfuCSP7VizJyzRNMjj2J2do2Jr3Kym598JVdEksuzPQCnlFPW4ky9Q+iA+ma9BGm06XQBy8g==",
			"dev": true,
			"requires": {
				"media-typer": "0.3.0",
				"mime-types": "~2.1.24"
			}
		},
		"typedarray": {
			"version": "0.0.6",
			"resolved": "https://registry.npmjs.org/typedarray/-/typedarray-0.0.6.tgz",
			"integrity": "sha1-hnrHTjhkGHsdPUfZlqeOxciDB3c=",
			"dev": true
		},
		"uri-js": {
			"version": "4.2.2",
			"resolved": "https://registry.npmjs.org/uri-js/-/uri-js-4.2.2.tgz",
			"integrity": "sha512-KY9Frmirql91X2Qgjry0Wd4Y+YTdrdZheS8TFwvkbLWf/G5KNJDCh6pKL5OZctEW4+0Baa5idK2ZQuELRwPznQ==",
			"requires": {
				"punycode": "^2.1.0"
			}
		},
		"util-deprecate": {
			"version": "1.0.2",
			"resolved": "https://registry.npmjs.org/util-deprecate/-/util-deprecate-1.0.2.tgz",
			"integrity": "sha1-RQ1Nyfpw3nMnYvvS1KKJgUGaDM8=",
			"dev": true
		},
		"wrappy": {
			"version": "1.0.2",
			"resolved": "https://registry.npmjs.org/wrappy/-/wrappy-1.0.2.tgz",
			"integrity": "sha1-tSQ9jz7BqjXxNkYFvA0QNuMKtp8="
		},
		"xtend": {
			"version": "4.0.2",
			"resolved": "https://registry.npmjs.org/xtend/-/xtend-4.0.2.tgz",
			"integrity": "sha512-LKYU1iAXJXUgAXn9URjiu+MWhyUXHsvfp7mcuYm9dSUKK0/CjtrUwFAxD82/mCWbtLsGjFIad0wIsod4zrTAEQ==",
			"dev": true
		}
	}
}
