{
  "name": "express-openapi",
  "version": "1.6.1",
  "lockfileVersion": 1,
  "requires": true,
  "dependencies": {
    "argparse": {
      "version": "1.0.9",
      "resolved": "https://registry.npmjs.org/argparse/-/argparse-1.0.9.tgz",
      "integrity": "sha1-c9g7wmP4bpf4zE9rrhsOkKfSLIY=",
      "requires": {
        "sprintf-js": "1.0.3"
      }
    },
    "async": {
      "version": "https://registry.npmjs.org/async/-/async-1.5.2.tgz",
      "integrity": "sha1-7GphrlZIDAw8skHJVhjiCJL5Zyo="
    },
    "difunc": {
      "version": "0.0.4",
      "resolved": "https://registry.npmjs.org/difunc/-/difunc-0.0.4.tgz",
      "integrity": "sha512-zBiL4ALDmviHdoLC0g0G6wVme5bwAow9WfhcZLLopXCAWgg3AEf7RYTs2xugszIGulRHzEVDF/SHl9oyQU07Pw==",
      "requires": {
        "esprima": "4.0.0"
      }
    },
    "esprima": {
      "version": "4.0.0",
      "resolved": "https://registry.npmjs.org/esprima/-/esprima-4.0.0.tgz",
      "integrity": "sha512-oftTcaMu/EGrEIu904mWteKIv8vMuOgGYo7EhVJJN00R/EED9DCua/xxHRdYnKtcECzVg7xOWhflvJMnqcFZjw=="
    },
    "express-normalize-query-params-middleware": {
      "version": "0.5.1",
      "resolved": "https://registry.npmjs.org/express-normalize-query-params-middleware/-/express-normalize-query-params-middleware-0.5.1.tgz",
      "integrity": "sha1-2+HoE5rssjT7attcAFnHXblzPSo="
    },
    "express-openapi-coercion": {
      "version": "0.5.0",
      "resolved": "https://registry.npmjs.org/express-openapi-coercion/-/express-openapi-coercion-0.5.0.tgz",
      "integrity": "sha1-nqU7Yshy+iSOhq7yN3TLPpLqZdY="
    },
    "express-openapi-defaults": {
      "version": "0.4.2",
      "resolved": "https://registry.npmjs.org/express-openapi-defaults/-/express-openapi-defaults-0.4.2.tgz",
      "integrity": "sha1-DQWBe10z8B2UygSQh8dqBmE2dpM="
    },
    "express-openapi-response-validation": {
      "version": "0.3.0",
      "resolved": "https://registry.npmjs.org/express-openapi-response-validation/-/express-openapi-response-validation-0.3.0.tgz",
      "integrity": "sha1-X5/2uqd6EoDFwUIIg3DRenkjPH8=",
      "requires": {
        "jsonschema": "1.2.4"
      },
      "dependencies": {
        "jsonschema": {
          "version": "1.2.4",
          "resolved": "https://registry.npmjs.org/jsonschema/-/jsonschema-1.2.4.tgz",
          "integrity": "sha512-lz1nOH69GbsVHeVgEdvyavc/33oymY1AZwtePMiMj4HZPMbP5OIKK3zT9INMWjwua/V4Z4yq7wSlBbSG+g4AEw=="
        }
      }
    },
    "express-openapi-security": {
      "version": "0.2.0",
      "resolved": "https://registry.npmjs.org/express-openapi-security/-/express-openapi-security-0.2.0.tgz",
      "integrity": "sha1-LybT7VrfSyKtXc5Me0ZIE5C4vd0=",
      "requires": {
        "async": "https://registry.npmjs.org/async/-/async-1.5.2.tgz"
      }
    },
    "express-openapi-validation": {
      "version": "0.9.0",
      "resolved": "https://registry.npmjs.org/express-openapi-validation/-/express-openapi-validation-0.9.0.tgz",
      "integrity": "sha1-ennp3lZSE0+s73d6I9uAbBKYGUU=",
      "requires": {
        "jsonschema": "https://registry.npmjs.org/jsonschema/-/jsonschema-1.1.0.tgz",
        "openapi-jsonschema-parameters": "0.2.0"
      },
      "dependencies": {
        "openapi-jsonschema-parameters": {
          "version": "0.2.0",
          "resolved": "https://registry.npmjs.org/openapi-jsonschema-parameters/-/openapi-jsonschema-parameters-0.2.0.tgz",
          "integrity": "sha1-J9KYgGHchegu+tVraAI6QEvYjOo="
        }
      }
    },
    "fs-routes": {
      "version": "1.0.0",
      "resolved": "https://registry.npmjs.org/fs-routes/-/fs-routes-1.0.0.tgz",
      "integrity": "sha1-erS2FrJ8E98U5ewESfM2UYvTiKA="
    },
    "glob": {
      "version": "6.0.3",
      "resolved": "https://registry.npmjs.org/glob/-/glob-6.0.3.tgz",
      "integrity": "sha1-XwLNiVh85YsVSuCFXeAqLmOYb8o=",
      "requires": {
        "inflight": "1.0.4",
        "inherits": "2.0.1",
        "minimatch": "3.0.0",
        "once": "1.3.3",
        "path-is-absolute": "1.0.0"
      },
      "dependencies": {
        "inflight": {
          "version": "1.0.4",
          "resolved": "https://registry.npmjs.org/inflight/-/inflight-1.0.4.tgz",
          "integrity": "sha1-bLtFIevVHODsCpNr/XZX736bFyo=",
          "requires": {
            "once": "1.3.3",
            "wrappy": "1.0.1"
          },
          "dependencies": {
            "wrappy": {
              "version": "1.0.1",
              "resolved": "https://registry.npmjs.org/wrappy/-/wrappy-1.0.1.tgz",
              "integrity": "sha1-HmWWmWXMvC20VIxrhKbyxa7dRzk="
            }
          }
        },
        "inherits": {
          "version": "2.0.1",
          "resolved": "https://nexus.kogosoftwarellc.com/content/groups/npm/inherits/-/inherits-2.0.1.tgz",
          "integrity": "sha1-sX0I0ya0Qj5Wjv9xn5GwscvfafE="
        },
        "minimatch": {
          "version": "3.0.0",
          "resolved": "https://registry.npmjs.org/minimatch/-/minimatch-3.0.0.tgz",
          "integrity": "sha1-UjYVelHk8ATBd/s8Un/33Xjw74M=",
          "requires": {
            "brace-expansion": "1.1.2"
          },
          "dependencies": {
            "brace-expansion": {
              "version": "1.1.2",
              "resolved": "https://registry.npmjs.org/brace-expansion/-/brace-expansion-1.1.2.tgz",
              "integrity": "sha1-8hRF0EiLZY4nce/YcO/1HfKfBO8=",
              "requires": {
                "balanced-match": "0.3.0",
                "concat-map": "0.0.1"
              },
              "dependencies": {
                "balanced-match": {
                  "version": "0.3.0",
                  "resolved": "https://registry.npmjs.org/balanced-match/-/balanced-match-0.3.0.tgz",
                  "integrity": "sha1-qRzdHr7xqGZZ5w/03vAWJfwtZ1Y="
                },
                "concat-map": {
                  "version": "0.0.1",
                  "resolved": "https://registry.npmjs.org/concat-map/-/concat-map-0.0.1.tgz",
                  "integrity": "sha1-2Klr13/Wjfd5OnMDajug1UBdR3s="
                }
              }
            }
          }
        },
        "once": {
          "version": "1.3.3",
          "resolved": "https://registry.npmjs.org/once/-/once-1.3.3.tgz",
          "integrity": "sha1-suJhVXzkwxTsgwTz+oJmPkKXyiA=",
          "requires": {
            "wrappy": "1.0.1"
          },
          "dependencies": {
            "wrappy": {
              "version": "1.0.1",
              "resolved": "https://registry.npmjs.org/wrappy/-/wrappy-1.0.1.tgz",
              "integrity": "sha1-HmWWmWXMvC20VIxrhKbyxa7dRzk="
            }
          }
        },
        "path-is-absolute": {
          "version": "1.0.0",
          "resolved": "https://registry.npmjs.org/path-is-absolute/-/path-is-absolute-1.0.0.tgz",
          "integrity": "sha1-Jj2tpmqz8vsQv3+dJN2PPlcO+RI="
        }
      }
    },
    "is-dir": {
      "version": "1.0.0",
      "resolved": "https://registry.npmjs.org/is-dir/-/is-dir-1.0.0.tgz",
      "integrity": "sha1-QdN/SV/MrMBaR3jWboMCTCkro/8="
    },
    "js-yaml": {
      "version": "3.10.0",
      "resolved": "https://registry.npmjs.org/js-yaml/-/js-yaml-3.10.0.tgz",
      "integrity": "sha512-O2v52ffjLa9VeM43J4XocZE//WT9N0IiwDa3KSHH7Tu8CtH+1qM8SIZvnsTh6v+4yFy5KUY3BHUVwjpfAWsjIA==",
      "requires": {
        "argparse": "1.0.9",
        "esprima": "4.0.0"
      }
    },
    "jsonschema": {
      "version": "https://registry.npmjs.org/jsonschema/-/jsonschema-1.1.0.tgz",
      "integrity": "sha1-A5zCGe1SSwbnHa8SymDQJjn68po="
    },
    "openapi-schema-validation": {
      "version": "0.2.1",
      "resolved": "https://registry.npmjs.org/openapi-schema-validation/-/openapi-schema-validation-0.2.1.tgz",
      "integrity": "sha1-inm5n3e5z9YPh1DkBnpy+cYAMik=",
      "requires": {
        "jsonschema": "1.0.2",
        "jsonschema-draft4": "1.0.0",
        "swagger-schema-official": "2.0.0-bab6bed"
      },
      "dependencies": {
        "jsonschema": {
          "version": "1.0.2",
          "resolved": "https://registry.npmjs.org/jsonschema/-/jsonschema-1.0.2.tgz",
          "integrity": "sha1-KSu4/TYmZpGobE6xQf9QCtsPVg8="
        },
        "jsonschema-draft4": {
          "version": "1.0.0",
          "resolved": "https://registry.npmjs.org/jsonschema-draft4/-/jsonschema-draft4-1.0.0.tgz",
          "integrity": "sha1-8K8gBQVPDwrefqIRhhS2ncUS2GU="
        },
        "swagger-schema-official": {
          "version": "2.0.0-bab6bed",
          "resolved": "https://registry.npmjs.org/swagger-schema-official/-/swagger-schema-official-2.0.0-bab6bed.tgz",
          "integrity": "sha1-cAcEaNbSl3ylI3suUZyn0Gouo/0="
        }
      }
    },
    "sprintf-js": {
      "version": "1.0.3",
      "resolved": "https://registry.npmjs.org/sprintf-js/-/sprintf-js-1.0.3.tgz",
      "integrity": "sha1-BOaSb2YolTVPPdAVIDYzuFcpfiw="
    }
  }
}
