{
  "name": "openapi-security-handler",
  "version": "2.0.4",
  "lockfileVersion": 1,
  "requires": true,
  "dependencies": {
    "@types/es6-shim": {
      "version": "0.31.40",
      "resolved": "https://registry.npmjs.org/@types/es6-shim/-/es6-shim-0.31.40.tgz",
      "integrity": "sha512-biQI9Rm+vNEZM+0r/OUEfN87eBC8y45mUGuI3yOpMaTFpn6MIedJrKhle9lQPrVnuDtswqN65lxujS+kuMMWDQ==",
      "dev": true
    },
    "openapi-types": {
      "version": "1.3.5",
      "resolved": "https://registry.npmjs.org/openapi-types/-/openapi-types-1.3.5.tgz",
      "integrity": "sha512-11oi4zYorsgvg5yBarZplAqbpev5HkuVNPlZaPTknPDzAynq+lnJdXAmruGWP0s+dNYZS7bjM+xrTpJw7184Fg=="
    }
  }
}
