{
  "name": "openapi-security-handler",
  "version": "10.0.0",
  "lockfileVersion": 1,
  "requires": true,
  "dependencies": {
    "openapi-types": {
      "version": "9.2.0",
      "resolved": "https://registry.npmjs.org/openapi-types/-/openapi-types-9.2.0.tgz",
      "integrity": "sha512-3x0gg8DxhpZ5MVki7AK6jmMdVIZASmVGo9CoUtD+nksLdkqz7EzWKdfS9Oxxq1J7idnZV0b3LjqcvizfKFySpQ=="
    }
  }
}
