{
  "name": "openapi-request-validator",
  "version": "1.0.0",
  "lockfileVersion": 1,
  "requires": true,
  "dependencies": {
    "jsonschema": {
      "version": "1.2.4",
      "resolved": "https://registry.npmjs.org/jsonschema/-/jsonschema-1.2.4.tgz",
      "integrity": "sha512-lz1nOH69GbsVHeVgEdvyavc/33oymY1AZwtePMiMj4HZPMbP5OIKK3zT9INMWjwua/V4Z4yq7wSlBbSG+g4AEw=="
    },
    "openapi-jsonschema-parameters": {
      "version": "0.3.2",
      "resolved": "https://registry.npmjs.org/openapi-jsonschema-parameters/-/openapi-jsonschema-parameters-0.3.2.tgz",
      "integrity": "sha512-m+VO2Us/2ehSB1ffmk1iT5YBSu9EWRJyo7PDsXqqnyRpg5KVYhJilLIqfssZrzd1aJlqNZlaZcE6V+8tbw3l8A=="
    }
  }
}
