{
  "name": "koa-openapi",
  "version": "3.13.5",
  "lockfileVersion": 1,
  "requires": true,
  "dependencies": {
    "@types/accepts": {
      "version": "1.3.5",
      "resolved": "https://registry.npmjs.org/@types/accepts/-/accepts-1.3.5.tgz",
      "integrity": "sha512-jOdnI/3qTpHABjM5cx1Hc0sKsPoYCp+DP/GJRGtDlPd7fiV9oXGGIcjW/ZOxLIvjGz8MA+uMZI9metHlgqbgwQ==",
      "dev": true,
      "requires": {
        "@types/node": "*"
      }
    },
    "@types/body-parser": {
      "version": "1.17.1",
      "resolved": "https://registry.npmjs.org/@types/body-parser/-/body-parser-1.17.1.tgz",
      "integrity": "sha512-RoX2EZjMiFMjZh9lmYrwgoP9RTpAjSHiJxdp4oidAQVO02T7HER3xj9UKue5534ULWeqVEkujhWcyvUce+d68w==",
      "dev": true,
      "requires": {
        "@types/connect": "*",
        "@types/node": "*"
      }
    },
    "@types/connect": {
      "version": "3.4.32",
      "resolved": "https://registry.npmjs.org/@types/connect/-/connect-3.4.32.tgz",
      "integrity": "sha512-4r8qa0quOvh7lGD0pre62CAb1oni1OO6ecJLGCezTmhQ8Fz50Arx9RUszryR8KlgK6avuSXvviL6yWyViQABOg==",
      "dev": true,
      "requires": {
        "@types/node": "*"
      }
    },
    "@types/cookies": {
      "version": "0.7.4",
      "resolved": "https://registry.npmjs.org/@types/cookies/-/cookies-0.7.4.tgz",
      "integrity": "sha512-oTGtMzZZAVuEjTwCjIh8T8FrC8n/uwy+PG0yTvQcdZ7etoel7C7/3MSd7qrukENTgQtotG7gvBlBojuVs7X5rw==",
      "dev": true,
      "requires": {
        "@types/connect": "*",
        "@types/express": "*",
        "@types/keygrip": "*",
        "@types/node": "*"
      }
    },
    "@types/es6-shim": {
      "version": "0.31.37",
      "resolved": "https://registry.npmjs.org/@types/es6-shim/-/es6-shim-0.31.37.tgz",
      "integrity": "sha512-D9BRx0HXsIpa9Ldh/NcHYgL/PtfchL4CC0MtbGliWsTYDuzm9vl6/QeTigNxIhbSBai7QIuv+etQ9BtlFN7Uqw==",
      "dev": true
    },
    "@types/express": {
      "version": "4.17.1",
      "resolved": "https://registry.npmjs.org/@types/express/-/express-4.17.1.tgz",
      "integrity": "sha512-VfH/XCP0QbQk5B5puLqTLEeFgR8lfCJHZJKkInZ9mkYd+u8byX0kztXEQxEk4wZXJs8HI+7km2ALXjn4YKcX9w==",
      "dev": true,
      "requires": {
        "@types/body-parser": "*",
        "@types/express-serve-static-core": "*",
        "@types/serve-static": "*"
      }
    },
    "@types/express-serve-static-core": {
      "version": "4.16.10",
      "resolved": "https://registry.npmjs.org/@types/express-serve-static-core/-/express-serve-static-core-4.16.10.tgz",
      "integrity": "sha512-gM6evDj0OvTILTRKilh9T5dTaGpv1oYiFcJAfgSejuMJgGJUsD9hKEU2lB4aiTNy4WwChxRnjfYFuBQsULzsJw==",
      "dev": true,
      "requires": {
        "@types/node": "*",
        "@types/range-parser": "*"
      }
    },
    "@types/http-assert": {
      "version": "1.5.1",
      "resolved": "https://registry.npmjs.org/@types/http-assert/-/http-assert-1.5.1.tgz",
      "integrity": "sha512-PGAK759pxyfXE78NbKxyfRcWYA/KwW17X290cNev/qAsn9eQIxkH4shoNBafH37wewhDG/0p1cHPbK6+SzZjWQ==",
      "dev": true
    },
    "@types/keygrip": {
      "version": "1.0.1",
      "resolved": "https://registry.npmjs.org/@types/keygrip/-/keygrip-1.0.1.tgz",
      "integrity": "sha1-/1QEYtL7TQqIRBzq8n0oewHD2Hg=",
      "dev": true
    },
    "@types/koa": {
      "version": "2.0.51",
      "resolved": "https://registry.npmjs.org/@types/koa/-/koa-2.0.51.tgz",
      "integrity": "sha512-L5e/l6Z+SR9Jk6HM0wNYdkvWhSUBOvi+7Q5Uwn7kE/VmBXX7NIxARMigARWAyXAtXiv5Ry1P2HmebolFdvuIVg==",
      "dev": true,
      "requires": {
        "@types/accepts": "*",
        "@types/cookies": "*",
        "@types/http-assert": "*",
        "@types/keygrip": "*",
        "@types/koa-compose": "*",
        "@types/node": "*"
      }
    },
    "@types/koa-compose": {
      "version": "3.2.4",
      "resolved": "https://registry.npmjs.org/@types/koa-compose/-/koa-compose-3.2.4.tgz",
      "integrity": "sha512-ioou0rxkuWL+yBQYsHUQAzRTfVxAg8Y2VfMftU+Y3RA03/MzuFL0x/M2sXXj3PkfnENbHsjeHR1aMdezLYpTeA==",
      "dev": true,
      "requires": {
        "@types/koa": "*"
      }
    },
    "@types/mime": {
      "version": "2.0.1",
      "resolved": "https://registry.npmjs.org/@types/mime/-/mime-2.0.1.tgz",
      "integrity": "sha512-FwI9gX75FgVBJ7ywgnq/P7tw+/o1GUbtP0KzbtusLigAOgIgNISRK0ZPl4qertvXSIE8YbsVJueQ90cDt9YYyw==",
      "dev": true
    },
    "@types/node": {
      "version": "12.11.1",
      "resolved": "https://registry.npmjs.org/@types/node/-/node-12.11.1.tgz",
      "integrity": "sha512-TJtwsqZ39pqcljJpajeoofYRfeZ7/I/OMUQ5pR4q5wOKf2ocrUvBAZUMhWsOvKx3dVc/aaV5GluBivt0sWqA5A==",
      "dev": true
    },
    "@types/range-parser": {
      "version": "1.2.3",
      "resolved": "https://registry.npmjs.org/@types/range-parser/-/range-parser-1.2.3.tgz",
      "integrity": "sha512-ewFXqrQHlFsgc09MK5jP5iR7vumV/BYayNC6PgJO2LPe8vrnNFyjQjSppfEngITi0qvfKtzFvgKymGheFM9UOA==",
      "dev": true
    },
    "@types/serve-static": {
      "version": "1.13.3",
      "resolved": "https://registry.npmjs.org/@types/serve-static/-/serve-static-1.13.3.tgz",
      "integrity": "sha512-oprSwp094zOglVrXdlo/4bAHtKTAxX6VT8FOZlBKrmyLbNvE1zxZyJ6yikMVtHIvwP45+ZQGJn+FdXGKTozq0g==",
      "dev": true,
      "requires": {
        "@types/express-serve-static-core": "*",
        "@types/mime": "*"
      }
    },
    "accepts": {
      "version": "1.3.5",
      "resolved": "https://registry.npmjs.org/accepts/-/accepts-1.3.5.tgz",
      "integrity": "sha1-63d99gEXI6OxTopywIBcjoZ0a9I=",
      "dev": true,
      "requires": {
        "mime-types": "~2.1.18",
        "negotiator": "0.6.1"
      }
    },
    "ajv": {
      "version": "6.10.1",
      "resolved": "https://registry.npmjs.org/ajv/-/ajv-6.10.1.tgz",
      "integrity": "sha512-w1YQaVGNC6t2UCPjEawK/vo/dG8OOrVtUmhBT1uJJYxbl5kU2Tj3v6LGqBcsysN1yhuCStJCCA3GqdvKY8sqXQ==",
      "requires": {
        "fast-deep-equal": "^2.0.1",
        "fast-json-stable-stringify": "^2.0.0",
        "json-schema-traverse": "^0.4.1",
        "uri-js": "^4.2.2"
      }
    },
    "any-promise": {
      "version": "1.3.0",
      "resolved": "https://registry.npmjs.org/any-promise/-/any-promise-1.3.0.tgz",
      "integrity": "sha1-q8av7tzqUugJzcA3au0845Y10X8=",
      "dev": true
    },
    "argparse": {
      "version": "1.0.10",
      "resolved": "https://registry.npmjs.org/argparse/-/argparse-1.0.10.tgz",
      "integrity": "sha512-o5Roy6tNG4SL/FOkCAN6RzjiakZS25RLYFrcMttJqbdd8BWrnA+fGz57iN5Pb06pvBGvl5gQ0B48dJlslXvoTg==",
      "requires": {
        "sprintf-js": "~1.0.2"
      }
    },
    "balanced-match": {
      "version": "1.0.0",
      "resolved": "https://registry.npmjs.org/balanced-match/-/balanced-match-1.0.0.tgz",
      "integrity": "sha1-ibTRmasr7kneFk6gK4nORi1xt2c="
    },
    "brace-expansion": {
      "version": "1.1.11",
      "resolved": "https://registry.npmjs.org/brace-expansion/-/brace-expansion-1.1.11.tgz",
      "integrity": "sha512-iCuPHDFgrHX7H2vEI/5xpz07zSHB00TpugqhmYtVmMO6518mCuRMoOYFldEBl0g187ufozdaHgWKcYFb61qGiA==",
      "requires": {
        "balanced-match": "^1.0.0",
        "concat-map": "0.0.1"
      }
    },
    "bytes": {
      "version": "3.0.0",
      "resolved": "https://registry.npmjs.org/bytes/-/bytes-3.0.0.tgz",
      "integrity": "sha1-0ygVQE1olpn4Wk6k+odV3ROpYEg=",
      "dev": true
    },
    "cache-content-type": {
      "version": "1.0.1",
      "resolved": "https://registry.npmjs.org/cache-content-type/-/cache-content-type-1.0.1.tgz",
      "integrity": "sha512-IKufZ1o4Ut42YUrZSo8+qnMTrFuKkvyoLXUywKz9GJ5BrhOFGhLdkx9sG4KAnVvbY6kEcSFjLQul+DVmBm2bgA==",
      "dev": true,
      "requires": {
        "mime-types": "^2.1.18",
        "ylru": "^1.2.0"
      }
    },
    "co": {
      "version": "4.6.0",
      "resolved": "https://registry.npmjs.org/co/-/co-4.6.0.tgz",
      "integrity": "sha1-bqa989hTrlTMuOR7+gvz+QMfsYQ=",
      "dev": true
    },
    "co-body": {
      "version": "6.0.0",
      "resolved": "https://registry.npmjs.org/co-body/-/co-body-6.0.0.tgz",
      "integrity": "sha512-9ZIcixguuuKIptnY8yemEOuhb71L/lLf+Rl5JfJEUiDNJk0e02MBt7BPxR2GEh5mw8dPthQYR4jPI/BnS1MQgw==",
      "dev": true,
      "requires": {
        "inflation": "^2.0.0",
        "qs": "^6.5.2",
        "raw-body": "^2.3.3",
        "type-is": "^1.6.16"
      }
    },
    "concat-map": {
      "version": "0.0.1",
      "resolved": "https://registry.npmjs.org/concat-map/-/concat-map-0.0.1.tgz",
      "integrity": "sha1-2Klr13/Wjfd5OnMDajug1UBdR3s="
    },
    "content-disposition": {
      "version": "0.5.2",
      "resolved": "https://registry.npmjs.org/content-disposition/-/content-disposition-0.5.2.tgz",
      "integrity": "sha1-DPaLud318r55YcOoUXjLhdunjLQ=",
      "dev": true
    },
    "content-type": {
      "version": "1.0.4",
      "resolved": "https://registry.npmjs.org/content-type/-/content-type-1.0.4.tgz",
      "integrity": "sha512-hIP3EEPs8tB9AT1L+NUqtwOAps4mk2Zob89MWXMHjHWg9milF/j4osnnQLXBCBFBk/tvIG/tUc9mOUJiPBhPXA=="
    },
    "cookies": {
      "version": "0.7.2",
      "resolved": "https://registry.npmjs.org/cookies/-/cookies-0.7.2.tgz",
      "integrity": "sha512-J2JjH9T3PUNKPHknprxgCrCaZshIfxW2j49gq1E1CP5Micj1LppWAR2y9EHSQAzEiX84zOsScWNwUZ0b/ChlMw==",
      "dev": true,
      "requires": {
        "depd": "~1.1.2",
        "keygrip": "~1.0.2"
      }
    },
    "copy-to": {
      "version": "2.0.1",
      "resolved": "https://registry.npmjs.org/copy-to/-/copy-to-2.0.1.tgz",
      "integrity": "sha1-JoD7uAaKSNCGVrYJgJK9r8kG9KU=",
      "dev": true
    },
    "debug": {
      "version": "3.1.0",
      "resolved": "https://registry.npmjs.org/debug/-/debug-3.1.0.tgz",
      "integrity": "sha512-OX8XqP7/1a9cqkxYw2yXss15f26NKWBpDXQd0/uK/KPqdQhxbPa994hnzjcE2VqQpDslf55723cKPUOGSmMY3g==",
      "dev": true,
      "requires": {
        "ms": "2.0.0"
      }
    },
    "deep-equal": {
      "version": "1.0.1",
      "resolved": "https://registry.npmjs.org/deep-equal/-/deep-equal-1.0.1.tgz",
      "integrity": "sha1-9dJgKStmDghO/0zbyfCK0yR0SLU=",
      "dev": true
    },
    "delegates": {
      "version": "1.0.0",
      "resolved": "https://registry.npmjs.org/delegates/-/delegates-1.0.0.tgz",
      "integrity": "sha1-hMbhWbgZBP3KWaDvRM2HDTElD5o=",
      "dev": true
    },
    "depd": {
      "version": "1.1.2",
      "resolved": "https://registry.npmjs.org/depd/-/depd-1.1.2.tgz",
      "integrity": "sha1-m81S4UwJd2PnSbJ0xDRu0uVgtak=",
      "dev": true
    },
    "destroy": {
      "version": "1.0.4",
      "resolved": "https://registry.npmjs.org/destroy/-/destroy-1.0.4.tgz",
      "integrity": "sha1-l4hXRCxEdJ5CBmE+N5RiBYJqvYA=",
      "dev": true
    },
    "difunc": {
      "version": "0.0.4",
      "resolved": "https://registry.npmjs.org/difunc/-/difunc-0.0.4.tgz",
      "integrity": "sha512-zBiL4ALDmviHdoLC0g0G6wVme5bwAow9WfhcZLLopXCAWgg3AEf7RYTs2xugszIGulRHzEVDF/SHl9oyQU07Pw==",
      "requires": {
        "esprima": "^4.0.0"
      }
    },
    "ee-first": {
      "version": "1.1.1",
      "resolved": "https://registry.npmjs.org/ee-first/-/ee-first-1.1.1.tgz",
      "integrity": "sha1-WQxhFWsK4vTwJVcyoViyZrxWsh0=",
      "dev": true
    },
    "error-inject": {
      "version": "1.0.0",
      "resolved": "https://registry.npmjs.org/error-inject/-/error-inject-1.0.0.tgz",
      "integrity": "sha1-4rPZG1Su1nLzCdlQ0VSFD6EdTzc=",
      "dev": true
    },
    "escape-html": {
      "version": "1.0.3",
      "resolved": "https://registry.npmjs.org/escape-html/-/escape-html-1.0.3.tgz",
      "integrity": "sha1-Aljq5NPQwJdN4cFpGI7wBR0dGYg=",
      "dev": true
    },
    "esprima": {
      "version": "4.0.1",
      "resolved": "https://registry.npmjs.org/esprima/-/esprima-4.0.1.tgz",
      "integrity": "sha512-eGuFFw7Upda+g4p+QHvnW0RyTX/SVeJBDM/gCtMARO0cLuT2HcEKnTPvhjV6aGeqrCB/sbNop0Kszm0jsaWU4A=="
    },
    "fast-deep-equal": {
      "version": "2.0.1",
      "resolved": "https://registry.npmjs.org/fast-deep-equal/-/fast-deep-equal-2.0.1.tgz",
      "integrity": "sha1-ewUhjd+WZ79/Nwv3/bLLFf3Qqkk="
    },
    "fast-json-stable-stringify": {
      "version": "2.0.0",
      "resolved": "https://registry.npmjs.org/fast-json-stable-stringify/-/fast-json-stable-stringify-2.0.0.tgz",
      "integrity": "sha1-1RQsDK7msRifh9OnYREGT4bIu/I="
    },
    "fresh": {
      "version": "0.5.2",
      "resolved": "https://registry.npmjs.org/fresh/-/fresh-0.5.2.tgz",
      "integrity": "sha1-PYyt2Q2XZWn6g1qx+OSyOhBWBac=",
      "dev": true
    },
    "fs-routes": {
      "version": "2.0.0",
      "resolved": "https://registry.npmjs.org/fs-routes/-/fs-routes-2.0.0.tgz",
      "integrity": "sha512-oITW9GoYFZwYWR2aMDdUvr6W9O5mtzSizIVEUdeCQaFD6+BylwPSEP2+ZFWv1UYpE9kiPS3Hb0knh2PmFJcj6A=="
    },
    "fs.realpath": {
      "version": "1.0.0",
      "resolved": "https://registry.npmjs.org/fs.realpath/-/fs.realpath-1.0.0.tgz",
      "integrity": "sha1-FQStJSMVjKpA20onh8sBQRmU6k8="
    },
    "glob": {
      "version": "7.1.4",
      "resolved": "https://registry.npmjs.org/glob/-/glob-7.1.4.tgz",
      "integrity": "sha512-hkLPepehmnKk41pUGm3sYxoFs/umurYfYJCerbXEyFIWcAzvpipAgVkBqqT9RBKMGjnq6kMuyYwha6csxbiM1A==",
      "requires": {
        "fs.realpath": "^1.0.0",
        "inflight": "^1.0.4",
        "inherits": "2",
        "minimatch": "^3.0.4",
        "once": "^1.3.0",
        "path-is-absolute": "^1.0.0"
      }
    },
    "http-assert": {
      "version": "1.4.0",
      "resolved": "https://registry.npmjs.org/http-assert/-/http-assert-1.4.0.tgz",
      "integrity": "sha512-tPVv62a6l3BbQoM/N5qo969l0OFxqpnQzNUPeYfTP6Spo4zkgWeDBD1D5thI7sDLg7jCCihXTLB0X8UtdyAy8A==",
      "dev": true,
      "requires": {
        "deep-equal": "~1.0.1",
        "http-errors": "~1.7.1"
      }
    },
    "http-errors": {
      "version": "1.7.1",
      "resolved": "https://registry.npmjs.org/http-errors/-/http-errors-1.7.1.tgz",
      "integrity": "sha512-jWEUgtZWGSMba9I1N3gc1HmvpBUaNC9vDdA46yScAdp+C5rdEuKWUBLWTQpW9FwSWSbYYs++b6SDCxf9UEJzfw==",
      "dev": true,
      "requires": {
        "depd": "~1.1.2",
        "inherits": "2.0.3",
        "setprototypeof": "1.1.0",
        "statuses": ">= 1.5.0 < 2",
        "toidentifier": "1.0.0"
      }
    },
    "iconv-lite": {
      "version": "0.4.23",
      "resolved": "https://registry.npmjs.org/iconv-lite/-/iconv-lite-0.4.23.tgz",
      "integrity": "sha512-neyTUVFtahjf0mB3dZT77u+8O0QB89jFdnBkd5P1JgYPbPaia3gXXOVL2fq8VyU2gMMD7SaN7QukTB/pmXYvDA==",
      "dev": true,
      "requires": {
        "safer-buffer": ">= 2.1.2 < 3"
      }
    },
    "inflation": {
      "version": "2.0.0",
      "resolved": "https://registry.npmjs.org/inflation/-/inflation-2.0.0.tgz",
      "integrity": "sha1-i0F+R8KPklpFEz2RTKH9OJEH8w8=",
      "dev": true
    },
    "inflight": {
      "version": "1.0.6",
      "resolved": "https://registry.npmjs.org/inflight/-/inflight-1.0.6.tgz",
      "integrity": "sha1-Sb1jMdfQLQwJvJEKEHW6gWW1bfk=",
      "requires": {
        "once": "^1.3.0",
        "wrappy": "1"
      }
    },
    "inherits": {
      "version": "2.0.3",
      "resolved": "https://registry.npmjs.org/inherits/-/inherits-2.0.3.tgz",
      "integrity": "sha1-Yzwsg+PaQqUC9SRmAiSA9CCCYd4="
    },
    "is-dir": {
      "version": "1.0.0",
      "resolved": "https://registry.npmjs.org/is-dir/-/is-dir-1.0.0.tgz",
      "integrity": "sha1-QdN/SV/MrMBaR3jWboMCTCkro/8="
    },
    "is-generator-function": {
      "version": "1.0.7",
      "resolved": "https://registry.npmjs.org/is-generator-function/-/is-generator-function-1.0.7.tgz",
      "integrity": "sha512-YZc5EwyO4f2kWCax7oegfuSr9mFz1ZvieNYBEjmukLxgXfBUbxAWGVF7GZf0zidYtoBl3WvC07YK0wT76a+Rtw==",
      "dev": true
    },
    "isarray": {
      "version": "0.0.1",
      "resolved": "https://registry.npmjs.org/isarray/-/isarray-0.0.1.tgz",
      "integrity": "sha1-ihis/Kmo9Bd+Cav8YDiTmwXR7t8=",
      "dev": true
    },
    "js-yaml": {
      "version": "3.13.1",
      "resolved": "https://registry.npmjs.org/js-yaml/-/js-yaml-3.13.1.tgz",
      "integrity": "sha512-YfbcO7jXDdyj0DGxYVSlSeQNHbD7XPWvrVWeVUujrQEoZzWJIRrCPoyk6kL6IAjAG2IolMK4T0hNUe0HOUs5Jw==",
      "requires": {
        "argparse": "^1.0.7",
        "esprima": "^4.0.0"
      }
    },
    "json-schema-traverse": {
      "version": "0.4.1",
      "resolved": "https://registry.npmjs.org/json-schema-traverse/-/json-schema-traverse-0.4.1.tgz",
      "integrity": "sha512-xbbCH5dCYU5T8LcEhhuh7HJ88HXuW3qsI3Y0zOZFKfZEHcpWiHU/Jxzk629Brsab/mMiHQti9wMP+845RPe3Vg=="
    },
    "keygrip": {
      "version": "1.0.3",
      "resolved": "https://registry.npmjs.org/keygrip/-/keygrip-1.0.3.tgz",
      "integrity": "sha512-/PpesirAIfaklxUzp4Yb7xBper9MwP6hNRA6BGGUFCgbJ+BM5CKBtsoxinNXkLHAr+GXS1/lSlF2rP7cv5Fl+g==",
      "dev": true
    },
    "koa": {
      "version": "2.5.3",
      "resolved": "https://registry.npmjs.org/koa/-/koa-2.5.3.tgz",
      "integrity": "sha512-U6rgy2kwlfO+3P1phAidDrRZpGfwcpHCxl33wFe+fHXalpzEshHGnMaSU7I/ZeDFpGRQkbQOYsXkXfUjn+AtdQ==",
      "dev": true,
      "requires": {
        "accepts": "^1.3.5",
        "cache-content-type": "^1.0.0",
        "content-disposition": "~0.5.2",
        "content-type": "^1.0.4",
        "cookies": "~0.7.1",
        "debug": "~3.1.0",
        "delegates": "^1.0.0",
        "depd": "^1.1.2",
        "destroy": "^1.0.4",
        "error-inject": "^1.0.0",
        "escape-html": "^1.0.3",
        "fresh": "~0.5.2",
        "http-assert": "^1.3.0",
        "http-errors": "^1.6.3",
        "is-generator-function": "^1.0.7",
        "koa-compose": "^4.1.0",
        "koa-convert": "^1.2.0",
        "koa-is-json": "^1.0.0",
        "on-finished": "^2.3.0",
        "only": "~0.0.2",
        "parseurl": "^1.3.2",
        "statuses": "^1.5.0",
        "type-is": "^1.6.16",
        "vary": "^1.1.2"
      }
    },
    "koa-bodyparser": {
      "version": "4.2.1",
      "resolved": "https://registry.npmjs.org/koa-bodyparser/-/koa-bodyparser-4.2.1.tgz",
      "integrity": "sha512-UIjPAlMZfNYDDe+4zBaOAUKYqkwAGcIU6r2ARf1UOXPAlfennQys5IiShaVeNf7KkVBlf88f2LeLvBFvKylttw==",
      "dev": true,
      "requires": {
        "co-body": "^6.0.0",
        "copy-to": "^2.0.1"
      }
    },
    "koa-compose": {
      "version": "4.1.0",
      "resolved": "https://registry.npmjs.org/koa-compose/-/koa-compose-4.1.0.tgz",
      "integrity": "sha512-8ODW8TrDuMYvXRwra/Kh7/rJo9BtOfPc6qO8eAfC80CnCvSjSl0bkRM24X6/XBBEyj0v1nRUQ1LyOy3dbqOWXw==",
      "dev": true
    },
    "koa-convert": {
      "version": "1.2.0",
      "resolved": "https://registry.npmjs.org/koa-convert/-/koa-convert-1.2.0.tgz",
      "integrity": "sha1-2kCHXfSd4FOQmNFwC1CCDOvNIdA=",
      "dev": true,
      "requires": {
        "co": "^4.6.0",
        "koa-compose": "^3.0.0"
      },
      "dependencies": {
        "koa-compose": {
          "version": "3.2.1",
          "resolved": "https://registry.npmjs.org/koa-compose/-/koa-compose-3.2.1.tgz",
          "integrity": "sha1-qFzLQLfZhtjlo0Wzoazo6rz1Tec=",
          "dev": true,
          "requires": {
            "any-promise": "^1.1.0"
          }
        }
      }
    },
    "koa-is-json": {
      "version": "1.0.0",
      "resolved": "https://registry.npmjs.org/koa-is-json/-/koa-is-json-1.0.0.tgz",
      "integrity": "sha1-JzwH7c3Ljfaiwat9We52SRRR7BQ=",
      "dev": true
    },
    "koa-router": {
      "version": "7.4.0",
      "resolved": "https://registry.npmjs.org/koa-router/-/koa-router-7.4.0.tgz",
      "integrity": "sha512-IWhaDXeAnfDBEpWS6hkGdZ1ablgr6Q6pGdXCyK38RbzuH4LkUOpPqPw+3f8l8aTDrQmBQ7xJc0bs2yV4dzcO+g==",
      "dev": true,
      "requires": {
        "debug": "^3.1.0",
        "http-errors": "^1.3.1",
        "koa-compose": "^3.0.0",
        "methods": "^1.0.1",
        "path-to-regexp": "^1.1.1",
        "urijs": "^1.19.0"
      },
      "dependencies": {
        "koa-compose": {
          "version": "3.2.1",
          "resolved": "https://registry.npmjs.org/koa-compose/-/koa-compose-3.2.1.tgz",
          "integrity": "sha1-qFzLQLfZhtjlo0Wzoazo6rz1Tec=",
          "dev": true,
          "requires": {
            "any-promise": "^1.1.0"
          }
        }
      }
    },
    "lodash.merge": {
      "version": "4.6.2",
      "resolved": "https://registry.npmjs.org/lodash.merge/-/lodash.merge-4.6.2.tgz",
      "integrity": "sha512-0KpjqXRVvrYyCsX1swR/XTK0va6VQkQM6MNo7PqW77ByjAhoARA8EfrP1N4+KlKj8YS0ZUCtRT/YUuhyYDujIQ=="
    },
    "media-typer": {
      "version": "0.3.0",
      "resolved": "https://registry.npmjs.org/media-typer/-/media-typer-0.3.0.tgz",
      "integrity": "sha1-hxDXrwqmJvj/+hzgAWhUUmMlV0g=",
      "dev": true
    },
    "methods": {
      "version": "1.1.2",
      "resolved": "https://registry.npmjs.org/methods/-/methods-1.1.2.tgz",
      "integrity": "sha1-VSmk1nZUE07cxSZmVoNbD4Ua/O4=",
      "dev": true
    },
    "mime-db": {
      "version": "1.36.0",
      "resolved": "https://registry.npmjs.org/mime-db/-/mime-db-1.36.0.tgz",
      "integrity": "sha512-L+xvyD9MkoYMXb1jAmzI/lWYAxAMCPvIBSWur0PZ5nOf5euahRLVqH//FKW9mWp2lkqUgYiXPgkzfMUFi4zVDw==",
      "dev": true
    },
    "mime-types": {
      "version": "2.1.20",
      "resolved": "https://registry.npmjs.org/mime-types/-/mime-types-2.1.20.tgz",
      "integrity": "sha512-HrkrPaP9vGuWbLK1B1FfgAkbqNjIuy4eHlIYnFi7kamZyLLrGlo2mpcx0bBmNpKqBtYtAfGbodDddIgddSJC2A==",
      "dev": true,
      "requires": {
        "mime-db": "~1.36.0"
      }
    },
    "minimatch": {
      "version": "3.0.4",
      "resolved": "https://registry.npmjs.org/minimatch/-/minimatch-3.0.4.tgz",
      "integrity": "sha512-yJHVQEhyqPLUTgt9B83PXu6W3rx4MvvHvSUvToogpwoGDOUQ+yDrR0HRot+yOCdCO7u4hX3pWft6kWBBcqh0UA==",
      "requires": {
        "brace-expansion": "^1.1.7"
      }
    },
    "ms": {
      "version": "2.0.0",
      "resolved": "https://registry.npmjs.org/ms/-/ms-2.0.0.tgz",
      "integrity": "sha1-VgiurfwAvmwpAd9fmGF4jeDVl8g=",
      "dev": true
    },
    "negotiator": {
      "version": "0.6.1",
      "resolved": "https://registry.npmjs.org/negotiator/-/negotiator-0.6.1.tgz",
      "integrity": "sha1-KzJxhOiZIQEXeyhWP7XnECrNDKk=",
      "dev": true
    },
    "on-finished": {
      "version": "2.3.0",
      "resolved": "https://registry.npmjs.org/on-finished/-/on-finished-2.3.0.tgz",
      "integrity": "sha1-IPEzZIGwg811M3mSoWlxqi2QaUc=",
      "dev": true,
      "requires": {
        "ee-first": "1.1.1"
      }
    },
    "once": {
      "version": "1.4.0",
      "resolved": "https://registry.npmjs.org/once/-/once-1.4.0.tgz",
      "integrity": "sha1-WDsap3WWHUsROsF9nFC6753Xa9E=",
      "requires": {
        "wrappy": "1"
      }
    },
    "only": {
      "version": "0.0.2",
      "resolved": "https://registry.npmjs.org/only/-/only-0.0.2.tgz",
      "integrity": "sha1-Kv3oTQPlC5qO3EROMGEKcCle37Q=",
      "dev": true
    },
    "openapi-default-setter": {
      "version": "2.0.4",
      "resolved": "https://registry.npmjs.org/openapi-default-setter/-/openapi-default-setter-2.0.4.tgz",
      "integrity": "sha512-u0yC81Me26w1Q5r9Q92+kYpHVc8ooXUaoNRzU281T+WNwabvaWluUebw1m5BRjkjDfGcv1P9bf/ocfDZjmvPkw==",
      "requires": {
        "openapi-types": "1.3.4"
      },
      "dependencies": {
        "openapi-types": {
          "version": "1.3.4",
          "resolved": "https://registry.npmjs.org/openapi-types/-/openapi-types-1.3.4.tgz",
          "integrity": "sha512-h8rADpW3k/wepLdERKF0VKMAPdoFYNQCLGPmc/f8sgQ2dxUy+7sY4WAX2XDUDjhKTjbJVbxxofLkzy7f1/tE4g=="
        }
      }
    },
    "openapi-framework": {
      "version": "0.24.5",
      "resolved": "https://registry.npmjs.org/openapi-framework/-/openapi-framework-0.24.5.tgz",
      "integrity": "sha512-H2zVBn28NaXF8IhhAc5+xcGkHjSD813QvoffTNG4aG2edx3/h1Z6y+x74+kRKi+fiFLGn+a36Ts2xbLYh+ODtg==",
      "requires": {
        "difunc": "0.0.4",
        "fs-routes": "2.0.0",
        "glob": "*",
        "is-dir": "^1.0.0",
        "js-yaml": "^3.10.0",
        "openapi-default-setter": "2.0.4",
        "openapi-request-coercer": "2.3.0",
        "openapi-request-validator": "3.8.3",
        "openapi-response-validator": "3.8.2",
        "openapi-schema-validator": "3.0.3",
        "openapi-security-handler": "2.0.4",
        "openapi-types": "1.3.5",
        "ts-log": "^2.1.4"
      }
    },
    "openapi-jsonschema-parameters": {
      "version": "1.1.2",
      "resolved": "https://registry.npmjs.org/openapi-jsonschema-parameters/-/openapi-jsonschema-parameters-1.1.2.tgz",
      "integrity": "sha512-i8nTpo28ZZyyGzp7K2v9foXMHjyVdyE6J/igV8UhSDpAXDllTN4hNfqL6+8STAbmkMkHdy3S3aTGkxXlb7GKqA==",
      "requires": {
        "openapi-types": "1.3.5"
      }
    },
    "openapi-request-coercer": {
      "version": "2.3.0",
      "resolved": "https://registry.npmjs.org/openapi-request-coercer/-/openapi-request-coercer-2.3.0.tgz",
      "integrity": "sha512-oLrxgYOS3CE+ystqeZEBlpxiuQy6Q5HNLMLj9ciMGdJL7x73NedVWkEU00RJ8acjqZJEm73IYMRhQ0D4De14/A==",
      "requires": {
        "openapi-types": "1.3.4"
      },
      "dependencies": {
        "openapi-types": {
          "version": "1.3.4",
          "resolved": "https://registry.npmjs.org/openapi-types/-/openapi-types-1.3.4.tgz",
          "integrity": "sha512-h8rADpW3k/wepLdERKF0VKMAPdoFYNQCLGPmc/f8sgQ2dxUy+7sY4WAX2XDUDjhKTjbJVbxxofLkzy7f1/tE4g=="
        }
      }
    },
    "openapi-request-validator": {
      "version": "3.8.3",
      "resolved": "https://registry.npmjs.org/openapi-request-validator/-/openapi-request-validator-3.8.3.tgz",
      "integrity": "sha512-pnkk5nqPxrhgG2NCACr6sNcaqQuJSOjAo6TP0RhDT1giIGdcsrISerR8QCeX1vmJseXNzq26mbQAwjftAKhZRQ==",
      "requires": {
        "ajv": "^6.5.4",
        "content-type": "^1.0.4",
        "openapi-jsonschema-parameters": "1.1.2",
        "openapi-types": "1.3.5",
        "ts-log": "^2.1.4"
      }
    },
    "openapi-response-validator": {
      "version": "3.8.2",
      "resolved": "https://registry.npmjs.org/openapi-response-validator/-/openapi-response-validator-3.8.2.tgz",
      "integrity": "sha512-SZY8uHRcphr/4SdzvLDTyJ7P/f34E/ApCnp2A3S0cG1FkESa5qPg+4bA7z1YLsr1IglimdP+fVGA68aMLNk9mg==",
      "requires": {
        "ajv": "^6.5.4",
        "openapi-types": "1.3.5"
      }
    },
    "openapi-schema-validator": {
      "version": "3.0.3",
      "resolved": "https://registry.npmjs.org/openapi-schema-validator/-/openapi-schema-validator-3.0.3.tgz",
      "integrity": "sha512-KKpeNEvAmpy6B2JCfyrM4yWjL6vggDCVbBoR8Yfkj0Jltc6PCW+dBbcg+1yrTCuDv80qBQJ6w0ejA71DlOFegA==",
      "requires": {
        "ajv": "^6.5.2",
        "lodash.merge": "^4.6.1",
        "openapi-types": "1.3.4",
        "swagger-schema-official": "2.0.0-bab6bed"
      },
      "dependencies": {
        "openapi-types": {
          "version": "1.3.4",
          "resolved": "https://registry.npmjs.org/openapi-types/-/openapi-types-1.3.4.tgz",
          "integrity": "sha512-h8rADpW3k/wepLdERKF0VKMAPdoFYNQCLGPmc/f8sgQ2dxUy+7sY4WAX2XDUDjhKTjbJVbxxofLkzy7f1/tE4g=="
        }
      }
    },
    "openapi-security-handler": {
      "version": "2.0.4",
      "resolved": "https://registry.npmjs.org/openapi-security-handler/-/openapi-security-handler-2.0.4.tgz",
      "integrity": "sha512-blz/UftEqYQLAByuEVITePUI9hV5Rd91CEK8yrsKDUaf3zk6cmIMafJ2qvagHqjXRRtL7fOqvsSKIeFrai+HfQ==",
      "requires": {
        "openapi-types": "1.3.4"
      },
      "dependencies": {
        "openapi-types": {
          "version": "1.3.4",
          "resolved": "https://registry.npmjs.org/openapi-types/-/openapi-types-1.3.4.tgz",
          "integrity": "sha512-h8rADpW3k/wepLdERKF0VKMAPdoFYNQCLGPmc/f8sgQ2dxUy+7sY4WAX2XDUDjhKTjbJVbxxofLkzy7f1/tE4g=="
        }
      }
    },
    "openapi-types": {
      "version": "1.3.5",
      "resolved": "https://registry.npmjs.org/openapi-types/-/openapi-types-1.3.5.tgz",
      "integrity": "sha512-11oi4zYorsgvg5yBarZplAqbpev5HkuVNPlZaPTknPDzAynq+lnJdXAmruGWP0s+dNYZS7bjM+xrTpJw7184Fg=="
    },
    "parseurl": {
      "version": "1.3.2",
      "resolved": "https://registry.npmjs.org/parseurl/-/parseurl-1.3.2.tgz",
      "integrity": "sha1-/CidTtiZMRlGDBViUyYs3I3mW/M=",
      "dev": true
    },
    "path-is-absolute": {
      "version": "1.0.1",
      "resolved": "https://registry.npmjs.org/path-is-absolute/-/path-is-absolute-1.0.1.tgz",
      "integrity": "sha1-F0uSaHNVNP+8es5r9TpanhtcX18="
    },
    "path-to-regexp": {
      "version": "1.7.0",
      "resolved": "https://registry.npmjs.org/path-to-regexp/-/path-to-regexp-1.7.0.tgz",
      "integrity": "sha1-Wf3g9DW62suhA6hOnTvGTpa5k30=",
      "dev": true,
      "requires": {
        "isarray": "0.0.1"
      }
    },
    "punycode": {
      "version": "2.1.1",
      "resolved": "https://registry.npmjs.org/punycode/-/punycode-2.1.1.tgz",
      "integrity": "sha512-XRsRjdf+j5ml+y/6GKHPZbrF/8p2Yga0JPtdqTIY2Xe5ohJPD9saDJJLPvp9+NSBprVvevdXZybnj2cv8OEd0A=="
    },
    "qs": {
      "version": "6.5.2",
      "resolved": "https://registry.npmjs.org/qs/-/qs-6.5.2.tgz",
      "integrity": "sha512-N5ZAX4/LxJmF+7wN74pUD6qAh9/wnvdQcjq9TZjevvXzSUo7bfmw91saqMjzGS2xq91/odN2dW/WOl7qQHNDGA==",
      "dev": true
    },
    "raw-body": {
      "version": "2.3.3",
      "resolved": "https://registry.npmjs.org/raw-body/-/raw-body-2.3.3.tgz",
      "integrity": "sha512-9esiElv1BrZoI3rCDuOuKCBRbuApGGaDPQfjSflGxdy4oyzqghxu6klEkkVIvBje+FF0BX9coEv8KqW6X/7njw==",
      "dev": true,
      "requires": {
        "bytes": "3.0.0",
        "http-errors": "1.6.3",
        "iconv-lite": "0.4.23",
        "unpipe": "1.0.0"
      },
      "dependencies": {
        "http-errors": {
          "version": "1.6.3",
          "resolved": "http://registry.npmjs.org/http-errors/-/http-errors-1.6.3.tgz",
          "integrity": "sha1-i1VoC7S+KDoLW/TqLjhYC+HZMg0=",
          "dev": true,
          "requires": {
            "depd": "~1.1.2",
            "inherits": "2.0.3",
            "setprototypeof": "1.1.0",
            "statuses": ">= 1.4.0 < 2"
          }
        }
      }
    },
    "safer-buffer": {
      "version": "2.1.2",
      "resolved": "https://registry.npmjs.org/safer-buffer/-/safer-buffer-2.1.2.tgz",
      "integrity": "sha512-YZo3K82SD7Riyi0E1EQPojLz7kpepnSQI9IyPbHHg1XXXevb5dJI7tpyN2ADxGcQbHG7vcyRHk0cbwqcQriUtg==",
      "dev": true
    },
    "setprototypeof": {
      "version": "1.1.0",
      "resolved": "https://registry.npmjs.org/setprototypeof/-/setprototypeof-1.1.0.tgz",
      "integrity": "sha512-BvE/TwpZX4FXExxOxZyRGQQv651MSwmWKZGqvmPcRIjDqWub67kTKuIMx43cZZrS/cBBzwBcNDWoFxt2XEFIpQ==",
      "dev": true
    },
    "sprintf-js": {
      "version": "1.0.3",
      "resolved": "https://registry.npmjs.org/sprintf-js/-/sprintf-js-1.0.3.tgz",
      "integrity": "sha1-BOaSb2YolTVPPdAVIDYzuFcpfiw="
    },
    "statuses": {
      "version": "1.5.0",
      "resolved": "https://registry.npmjs.org/statuses/-/statuses-1.5.0.tgz",
      "integrity": "sha1-Fhx9rBd2Wf2YEfQ3cfqZOBR4Yow=",
      "dev": true
    },
    "swagger-schema-official": {
      "version": "2.0.0-bab6bed",
      "resolved": "https://registry.npmjs.org/swagger-schema-official/-/swagger-schema-official-2.0.0-bab6bed.tgz",
      "integrity": "sha1-cAcEaNbSl3ylI3suUZyn0Gouo/0="
    },
    "toidentifier": {
      "version": "1.0.0",
      "resolved": "https://registry.npmjs.org/toidentifier/-/toidentifier-1.0.0.tgz",
      "integrity": "sha512-yaOH/Pk/VEhBWWTlhI+qXxDFXlejDGcQipMlyxda9nthulaxLZUNcUqFxokp0vcYnvteJln5FNQDRrxj3YcbVw==",
      "dev": true
    },
    "ts-log": {
      "version": "2.1.4",
      "resolved": "https://registry.npmjs.org/ts-log/-/ts-log-2.1.4.tgz",
      "integrity": "sha512-P1EJSoyV+N3bR/IWFeAqXzKPZwHpnLY6j7j58mAvewHRipo+BQM2Y1f9Y9BjEQznKwgqqZm7H8iuixmssU7tYQ=="
    },
    "type-is": {
      "version": "1.6.16",
      "resolved": "https://registry.npmjs.org/type-is/-/type-is-1.6.16.tgz",
      "integrity": "sha512-HRkVv/5qY2G6I8iab9cI7v1bOIdhm94dVjQCPFElW9W+3GeDOSHmy2EBYe4VTApuzolPcmgFTN3ftVJRKR2J9Q==",
      "dev": true,
      "requires": {
        "media-typer": "0.3.0",
        "mime-types": "~2.1.18"
      }
    },
    "unpipe": {
      "version": "1.0.0",
      "resolved": "https://registry.npmjs.org/unpipe/-/unpipe-1.0.0.tgz",
      "integrity": "sha1-sr9O6FFKrmFltIF4KdIbLvSZBOw=",
      "dev": true
    },
    "uri-js": {
      "version": "4.2.2",
      "resolved": "https://registry.npmjs.org/uri-js/-/uri-js-4.2.2.tgz",
      "integrity": "sha512-KY9Frmirql91X2Qgjry0Wd4Y+YTdrdZheS8TFwvkbLWf/G5KNJDCh6pKL5OZctEW4+0Baa5idK2ZQuELRwPznQ==",
      "requires": {
        "punycode": "^2.1.0"
      }
    },
    "urijs": {
      "version": "1.19.1",
      "resolved": "https://registry.npmjs.org/urijs/-/urijs-1.19.1.tgz",
      "integrity": "sha512-xVrGVi94ueCJNrBSTjWqjvtgvl3cyOTThp2zaMaFNGp3F542TR6sM3f2o8RqZl+AwteClSVmoCyt0ka4RjQOQg==",
      "dev": true
    },
    "vary": {
      "version": "1.1.2",
      "resolved": "https://registry.npmjs.org/vary/-/vary-1.1.2.tgz",
      "integrity": "sha1-IpnwLG3tMNSllhsLn3RSShj2NPw=",
      "dev": true
    },
    "wrappy": {
      "version": "1.0.2",
      "resolved": "https://registry.npmjs.org/wrappy/-/wrappy-1.0.2.tgz",
      "integrity": "sha1-tSQ9jz7BqjXxNkYFvA0QNuMKtp8="
    },
    "ylru": {
      "version": "1.2.1",
      "resolved": "https://registry.npmjs.org/ylru/-/ylru-1.2.1.tgz",
      "integrity": "sha512-faQrqNMzcPCHGVC2aaOINk13K+aaBDUPjGWl0teOXywElLjyVAB6Oe2jj62jHYtwsU49jXhScYbvPENK+6zAvQ==",
      "dev": true
    }
  }
}
