{
	"name": "koa-openapi",
	"version": "10.1.0",
	"lockfileVersion": 1,
	"requires": true,
	"dependencies": {
		"@types/accepts": {
			"version": "1.3.5",
			"resolved": "https://registry.npmjs.org/@types/accepts/-/accepts-1.3.5.tgz",
			"integrity": "sha512-jOdnI/3qTpHABjM5cx1Hc0sKsPoYCp+DP/GJRGtDlPd7fiV9oXGGIcjW/ZOxLIvjGz8MA+uMZI9metHlgqbgwQ==",
			"dev": true,
			"requires": {
				"@types/node": "*"
			}
		},
		"@types/body-parser": {
			"version": "1.19.0",
			"resolved": "https://registry.npmjs.org/@types/body-parser/-/body-parser-1.19.0.tgz",
			"integrity": "sha512-W98JrE0j2K78swW4ukqMleo8R7h/pFETjM2DQ90MF6XK2i4LO4W3gQ71Lt4w3bfm2EvVSyWHplECvB5sK22yFQ==",
			"dev": true,
			"requires": {
				"@types/connect": "*",
				"@types/node": "*"
			}
		},
		"@types/connect": {
			"version": "3.4.33",
			"resolved": "https://registry.npmjs.org/@types/connect/-/connect-3.4.33.tgz",
			"integrity": "sha512-2+FrkXY4zllzTNfJth7jOqEHC+enpLeGslEhpnTAkg21GkRrWV4SsAtqchtT4YS9/nODBU2/ZfsBY2X4J/dX7A==",
			"dev": true,
			"requires": {
				"@types/node": "*"
			}
		},
		"@types/content-disposition": {
			"version": "0.5.3",
			"resolved": "https://registry.npmjs.org/@types/content-disposition/-/content-disposition-0.5.3.tgz",
			"integrity": "sha512-P1bffQfhD3O4LW0ioENXUhZ9OIa0Zn+P7M+pWgkCKaT53wVLSq0mrKksCID/FGHpFhRSxRGhgrQmfhRuzwtKdg==",
			"dev": true
		},
		"@types/cookies": {
			"version": "0.7.4",
			"resolved": "https://registry.npmjs.org/@types/cookies/-/cookies-0.7.4.tgz",
			"integrity": "sha512-oTGtMzZZAVuEjTwCjIh8T8FrC8n/uwy+PG0yTvQcdZ7etoel7C7/3MSd7qrukENTgQtotG7gvBlBojuVs7X5rw==",
			"dev": true,
			"requires": {
				"@types/connect": "*",
				"@types/express": "*",
				"@types/keygrip": "*",
				"@types/node": "*"
			}
		},
		"@types/express": {
			"version": "4.17.7",
			"resolved": "https://registry.npmjs.org/@types/express/-/express-4.17.7.tgz",
			"integrity": "sha512-dCOT5lcmV/uC2J9k0rPafATeeyz+99xTt54ReX11/LObZgfzJqZNcW27zGhYyX+9iSEGXGt5qLPwRSvBZcLvtQ==",
			"dev": true,
			"requires": {
				"@types/body-parser": "*",
				"@types/express-serve-static-core": "*",
				"@types/qs": "*",
				"@types/serve-static": "*"
			}
		},
		"@types/express-serve-static-core": {
			"version": "4.17.8",
			"resolved": "https://registry.npmjs.org/@types/express-serve-static-core/-/express-serve-static-core-4.17.8.tgz",
			"integrity": "sha512-1SJZ+R3Q/7mLkOD9ewCBDYD2k0WyZQtWYqF/2VvoNN2/uhI49J9CDN4OAm+wGMA0DbArA4ef27xl4+JwMtGggw==",
			"dev": true,
			"requires": {
				"@types/node": "*",
				"@types/qs": "*",
				"@types/range-parser": "*"
			}
		},
		"@types/http-assert": {
			"version": "1.5.1",
			"resolved": "https://registry.npmjs.org/@types/http-assert/-/http-assert-1.5.1.tgz",
			"integrity": "sha512-PGAK759pxyfXE78NbKxyfRcWYA/KwW17X290cNev/qAsn9eQIxkH4shoNBafH37wewhDG/0p1cHPbK6+SzZjWQ==",
			"dev": true
		},
		"@types/keygrip": {
			"version": "1.0.2",
			"resolved": "https://registry.npmjs.org/@types/keygrip/-/keygrip-1.0.2.tgz",
			"integrity": "sha512-GJhpTepz2udxGexqos8wgaBx4I/zWIDPh/KOGEwAqtuGDkOUJu5eFvwmdBX4AmB8Odsr+9pHCQqiAqDL/yKMKw==",
			"dev": true
		},
		"@types/koa": {
			"version": "2.11.3",
			"resolved": "https://registry.npmjs.org/@types/koa/-/koa-2.11.3.tgz",
			"integrity": "sha512-ABxVkrNWa4O/Jp24EYI/hRNqEVRlhB9g09p48neQp4m3xL1TJtdWk2NyNQSMCU45ejeELMQZBYyfstyVvO2H3Q==",
			"dev": true,
			"requires": {
				"@types/accepts": "*",
				"@types/content-disposition": "*",
				"@types/cookies": "*",
				"@types/http-assert": "*",
				"@types/keygrip": "*",
				"@types/koa-compose": "*",
				"@types/node": "*"
			}
		},
		"@types/koa-compose": {
			"version": "3.2.5",
			"resolved": "https://registry.npmjs.org/@types/koa-compose/-/koa-compose-3.2.5.tgz",
			"integrity": "sha512-B8nG/OoE1ORZqCkBVsup/AKcvjdgoHnfi4pZMn5UwAPCbhk/96xyv284eBYW8JlQbQ7zDmnpFr68I/40mFoIBQ==",
			"dev": true,
			"requires": {
				"@types/koa": "*"
			}
		},
		"@types/mime": {
			"version": "2.0.2",
			"resolved": "https://registry.npmjs.org/@types/mime/-/mime-2.0.2.tgz",
			"integrity": "sha512-4kPlzbljFcsttWEq6aBW0OZe6BDajAmyvr2xknBG92tejQnvdGtT9+kXSZ580DqpxY9qG2xeQVF9Dq0ymUTo5Q==",
			"dev": true
		},
		"@types/node": {
			"version": "14.0.23",
			"resolved": "https://registry.npmjs.org/@types/node/-/node-14.0.23.tgz",
			"integrity": "sha512-Z4U8yDAl5TFkmYsZdFPdjeMa57NOvnaf1tljHzhouaPEp7LCj2JKkejpI1ODviIAQuW4CcQmxkQ77rnLsOOoKw==",
			"dev": true
		},
		"@types/qs": {
			"version": "6.9.3",
			"resolved": "https://registry.npmjs.org/@types/qs/-/qs-6.9.3.tgz",
			"integrity": "sha512-7s9EQWupR1fTc2pSMtXRQ9w9gLOcrJn+h7HOXw4evxyvVqMi4f+q7d2tnFe3ng3SNHjtK+0EzGMGFUQX4/AQRA==",
			"dev": true
		},
		"@types/range-parser": {
			"version": "1.2.3",
			"resolved": "https://registry.npmjs.org/@types/range-parser/-/range-parser-1.2.3.tgz",
			"integrity": "sha512-ewFXqrQHlFsgc09MK5jP5iR7vumV/BYayNC6PgJO2LPe8vrnNFyjQjSppfEngITi0qvfKtzFvgKymGheFM9UOA==",
			"dev": true
		},
		"@types/serve-static": {
			"version": "1.13.4",
			"resolved": "https://registry.npmjs.org/@types/serve-static/-/serve-static-1.13.4.tgz",
			"integrity": "sha512-jTDt0o/YbpNwZbQmE/+2e+lfjJEJJR0I3OFaKQKPWkASkCoW3i6fsUnqudSMcNAfbtmADGu8f4MV4q+GqULmug==",
			"dev": true,
			"requires": {
				"@types/express-serve-static-core": "*",
				"@types/mime": "*"
			}
		},
		"accepts": {
			"version": "1.3.7",
			"resolved": "https://registry.npmjs.org/accepts/-/accepts-1.3.7.tgz",
			"integrity": "sha512-Il80Qs2WjYlJIBNzNkK6KYqlVMTbZLXgHx2oT0pU/fjRHyEp+PEfEPY0R3WCwAGVOtauxh1hOxNgIf5bv7dQpA==",
			"dev": true,
			"requires": {
				"mime-types": "~2.1.24",
				"negotiator": "0.6.2"
			}
		},
		"ajv": {
			"version": "8.5.0",
			"resolved": "https://registry.npmjs.org/ajv/-/ajv-8.5.0.tgz",
			"integrity": "sha512-Y2l399Tt1AguU3BPRP9Fn4eN+Or+StUGWCUpbnFyXSo8NZ9S4uj+AG2pjs5apK+ZMOwYOz1+a+VKvKH7CudXgQ==",
			"requires": {
				"fast-deep-equal": "^3.1.1",
				"json-schema-traverse": "^1.0.0",
				"require-from-string": "^2.0.2",
				"uri-js": "^4.2.2"
			}
		},
		"ajv-formats": {
			"version": "2.1.0",
			"resolved": "https://registry.npmjs.org/ajv-formats/-/ajv-formats-2.1.0.tgz",
			"integrity": "sha512-USH2jBb+C/hIpwD2iRjp0pe0k+MvzG0mlSn/FIdCgQhUb9ALPRjt2KIQdfZDS9r0ZIeUAg7gOu9KL0PFqGqr5Q==",
			"requires": {
				"ajv": "^8.0.0"
			}
		},
		"any-promise": {
			"version": "1.3.0",
			"resolved": "https://registry.npmjs.org/any-promise/-/any-promise-1.3.0.tgz",
			"integrity": "sha1-q8av7tzqUugJzcA3au0845Y10X8=",
			"dev": true
		},
		"argparse": {
			"version": "1.0.10",
			"resolved": "https://registry.npmjs.org/argparse/-/argparse-1.0.10.tgz",
			"integrity": "sha512-o5Roy6tNG4SL/FOkCAN6RzjiakZS25RLYFrcMttJqbdd8BWrnA+fGz57iN5Pb06pvBGvl5gQ0B48dJlslXvoTg==",
			"requires": {
				"sprintf-js": "~1.0.2"
			}
		},
		"balanced-match": {
			"version": "1.0.0",
			"resolved": "https://registry.npmjs.org/balanced-match/-/balanced-match-1.0.0.tgz",
			"integrity": "sha1-ibTRmasr7kneFk6gK4nORi1xt2c="
		},
		"brace-expansion": {
			"version": "1.1.11",
			"resolved": "https://registry.npmjs.org/brace-expansion/-/brace-expansion-1.1.11.tgz",
			"integrity": "sha512-iCuPHDFgrHX7H2vEI/5xpz07zSHB00TpugqhmYtVmMO6518mCuRMoOYFldEBl0g187ufozdaHgWKcYFb61qGiA==",
			"requires": {
				"balanced-match": "^1.0.0",
				"concat-map": "0.0.1"
			}
		},
		"bytes": {
			"version": "3.1.0",
			"resolved": "https://registry.npmjs.org/bytes/-/bytes-3.1.0.tgz",
			"integrity": "sha512-zauLjrfCG+xvoyaqLoV8bLVXXNGC4JqlxFCutSDWA6fJrTo2ZuvLYTqZ7aHBLZSMOopbzwv8f+wZcVzfVTI2Dg==",
			"dev": true
		},
		"cache-content-type": {
			"version": "1.0.1",
			"resolved": "https://registry.npmjs.org/cache-content-type/-/cache-content-type-1.0.1.tgz",
			"integrity": "sha512-IKufZ1o4Ut42YUrZSo8+qnMTrFuKkvyoLXUywKz9GJ5BrhOFGhLdkx9sG4KAnVvbY6kEcSFjLQul+DVmBm2bgA==",
			"dev": true,
			"requires": {
				"mime-types": "^2.1.18",
				"ylru": "^1.2.0"
			}
		},
		"co": {
			"version": "4.6.0",
			"resolved": "https://registry.npmjs.org/co/-/co-4.6.0.tgz",
			"integrity": "sha1-bqa989hTrlTMuOR7+gvz+QMfsYQ=",
			"dev": true
		},
		"co-body": {
			"version": "6.0.0",
			"resolved": "https://registry.npmjs.org/co-body/-/co-body-6.0.0.tgz",
			"integrity": "sha512-9ZIcixguuuKIptnY8yemEOuhb71L/lLf+Rl5JfJEUiDNJk0e02MBt7BPxR2GEh5mw8dPthQYR4jPI/BnS1MQgw==",
			"dev": true,
			"requires": {
				"inflation": "^2.0.0",
				"qs": "^6.5.2",
				"raw-body": "^2.3.3",
				"type-is": "^1.6.16"
			}
		},
		"concat-map": {
			"version": "0.0.1",
			"resolved": "https://registry.npmjs.org/concat-map/-/concat-map-0.0.1.tgz",
			"integrity": "sha1-2Klr13/Wjfd5OnMDajug1UBdR3s="
		},
		"content-disposition": {
			"version": "0.5.3",
			"resolved": "https://registry.npmjs.org/content-disposition/-/content-disposition-0.5.3.tgz",
			"integrity": "sha512-ExO0774ikEObIAEV9kDo50o+79VCUdEB6n6lzKgGwupcVeRlhrj3qGAfwq8G6uBJjkqLrhT0qEYFcWng8z1z0g==",
			"dev": true,
			"requires": {
				"safe-buffer": "5.1.2"
			}
		},
		"content-type": {
			"version": "1.0.4",
			"resolved": "https://registry.npmjs.org/content-type/-/content-type-1.0.4.tgz",
			"integrity": "sha512-hIP3EEPs8tB9AT1L+NUqtwOAps4mk2Zob89MWXMHjHWg9milF/j4osnnQLXBCBFBk/tvIG/tUc9mOUJiPBhPXA=="
		},
		"cookies": {
			"version": "0.7.3",
			"resolved": "https://registry.npmjs.org/cookies/-/cookies-0.7.3.tgz",
			"integrity": "sha512-+gixgxYSgQLTaTIilDHAdlNPZDENDQernEMiIcZpYYP14zgHsCt4Ce1FEjFtcp6GefhozebB6orvhAAWx/IS0A==",
			"dev": true,
			"requires": {
				"depd": "~1.1.2",
				"keygrip": "~1.0.3"
			}
		},
		"copy-to": {
			"version": "2.0.1",
			"resolved": "https://registry.npmjs.org/copy-to/-/copy-to-2.0.1.tgz",
			"integrity": "sha1-JoD7uAaKSNCGVrYJgJK9r8kG9KU=",
			"dev": true
		},
		"debug": {
			"version": "3.1.0",
			"resolved": "https://registry.npmjs.org/debug/-/debug-3.1.0.tgz",
			"integrity": "sha512-OX8XqP7/1a9cqkxYw2yXss15f26NKWBpDXQd0/uK/KPqdQhxbPa994hnzjcE2VqQpDslf55723cKPUOGSmMY3g==",
			"dev": true,
			"requires": {
				"ms": "2.0.0"
			}
		},
		"deep-equal": {
			"version": "1.0.1",
			"resolved": "https://registry.npmjs.org/deep-equal/-/deep-equal-1.0.1.tgz",
			"integrity": "sha1-9dJgKStmDghO/0zbyfCK0yR0SLU=",
			"dev": true
		},
		"delegates": {
			"version": "1.0.0",
			"resolved": "https://registry.npmjs.org/delegates/-/delegates-1.0.0.tgz",
			"integrity": "sha1-hMbhWbgZBP3KWaDvRM2HDTElD5o=",
			"dev": true
		},
		"depd": {
			"version": "1.1.2",
			"resolved": "https://registry.npmjs.org/depd/-/depd-1.1.2.tgz",
			"integrity": "sha1-m81S4UwJd2PnSbJ0xDRu0uVgtak=",
			"dev": true
		},
		"destroy": {
			"version": "1.0.4",
			"resolved": "https://registry.npmjs.org/destroy/-/destroy-1.0.4.tgz",
			"integrity": "sha1-l4hXRCxEdJ5CBmE+N5RiBYJqvYA=",
			"dev": true
		},
		"difunc": {
			"version": "0.0.4",
			"resolved": "https://registry.npmjs.org/difunc/-/difunc-0.0.4.tgz",
			"integrity": "sha512-zBiL4ALDmviHdoLC0g0G6wVme5bwAow9WfhcZLLopXCAWgg3AEf7RYTs2xugszIGulRHzEVDF/SHl9oyQU07Pw==",
			"requires": {
				"esprima": "^4.0.0"
			}
		},
		"ee-first": {
			"version": "1.1.1",
			"resolved": "https://registry.npmjs.org/ee-first/-/ee-first-1.1.1.tgz",
			"integrity": "sha1-WQxhFWsK4vTwJVcyoViyZrxWsh0=",
			"dev": true
		},
		"encodeurl": {
			"version": "1.0.2",
			"resolved": "https://registry.npmjs.org/encodeurl/-/encodeurl-1.0.2.tgz",
			"integrity": "sha1-rT/0yG7C0CkyL1oCw6mmBslbP1k=",
			"dev": true
		},
		"error-inject": {
			"version": "1.0.0",
			"resolved": "https://registry.npmjs.org/error-inject/-/error-inject-1.0.0.tgz",
			"integrity": "sha1-4rPZG1Su1nLzCdlQ0VSFD6EdTzc=",
			"dev": true
		},
		"escape-html": {
			"version": "1.0.3",
			"resolved": "https://registry.npmjs.org/escape-html/-/escape-html-1.0.3.tgz",
			"integrity": "sha1-Aljq5NPQwJdN4cFpGI7wBR0dGYg=",
			"dev": true
		},
		"esprima": {
			"version": "4.0.1",
			"resolved": "https://registry.npmjs.org/esprima/-/esprima-4.0.1.tgz",
			"integrity": "sha512-eGuFFw7Upda+g4p+QHvnW0RyTX/SVeJBDM/gCtMARO0cLuT2HcEKnTPvhjV6aGeqrCB/sbNop0Kszm0jsaWU4A=="
		},
		"fast-deep-equal": {
			"version": "3.1.3",
			"resolved": "https://registry.npmjs.org/fast-deep-equal/-/fast-deep-equal-3.1.3.tgz",
			"integrity": "sha512-f3qQ9oQy9j2AhBe/H9VC91wLmKBCCU/gDOnKNAYG5hswO7BLKj09Hc5HYNz9cGI++xlpDCIgDaitVs03ATR84Q=="
		},
		"fresh": {
			"version": "0.5.2",
			"resolved": "https://registry.npmjs.org/fresh/-/fresh-0.5.2.tgz",
			"integrity": "sha1-PYyt2Q2XZWn6g1qx+OSyOhBWBac=",
			"dev": true
		},
		"fs-routes": {
			"version": "9.0.3",
			"resolved": "https://registry.npmjs.org/fs-routes/-/fs-routes-9.0.3.tgz",
			"integrity": "sha512-Y5tkylY9fQ1jm11FdJoptzqIG3OyzqrOF16W5odNlIdqFqb2355IbNB3jQkE+C268mSShLmIur8ynYCgL/Yg/g=="
		},
		"fs.realpath": {
			"version": "1.0.0",
			"resolved": "https://registry.npmjs.org/fs.realpath/-/fs.realpath-1.0.0.tgz",
			"integrity": "sha1-FQStJSMVjKpA20onh8sBQRmU6k8="
		},
		"glob": {
			"version": "7.1.6",
			"resolved": "https://registry.npmjs.org/glob/-/glob-7.1.6.tgz",
			"integrity": "sha512-LwaxwyZ72Lk7vZINtNNrywX0ZuLyStrdDtabefZKAY5ZGJhVtgdznluResxNmPitE0SAO+O26sWTHeKSI2wMBA==",
			"requires": {
				"fs.realpath": "^1.0.0",
				"inflight": "^1.0.4",
				"inherits": "2",
				"minimatch": "^3.0.4",
				"once": "^1.3.0",
				"path-is-absolute": "^1.0.0"
			}
		},
		"http-assert": {
			"version": "1.4.1",
			"resolved": "https://registry.npmjs.org/http-assert/-/http-assert-1.4.1.tgz",
			"integrity": "sha512-rdw7q6GTlibqVVbXr0CKelfV5iY8G2HqEUkhSk297BMbSpSL8crXC+9rjKoMcZZEsksX30le6f/4ul4E28gegw==",
			"dev": true,
			"requires": {
				"deep-equal": "~1.0.1",
				"http-errors": "~1.7.2"
			},
			"dependencies": {
				"http-errors": {
					"version": "1.7.3",
					"resolved": "https://registry.npmjs.org/http-errors/-/http-errors-1.7.3.tgz",
					"integrity": "sha512-ZTTX0MWrsQ2ZAhA1cejAwDLycFsd7I7nVtnkT3Ol0aqodaKW+0CTZDQ1uBv5whptCnc8e8HeRRJxRs0kmm/Qfw==",
					"dev": true,
					"requires": {
						"depd": "~1.1.2",
						"inherits": "2.0.4",
						"setprototypeof": "1.1.1",
						"statuses": ">= 1.5.0 < 2",
						"toidentifier": "1.0.0"
					}
				}
			}
		},
		"http-errors": {
			"version": "1.8.0",
			"resolved": "https://registry.npmjs.org/http-errors/-/http-errors-1.8.0.tgz",
			"integrity": "sha512-4I8r0C5JDhT5VkvI47QktDW75rNlGVsUf/8hzjCC/wkWI/jdTRmBb9aI7erSG82r1bjKY3F6k28WnsVxB1C73A==",
			"dev": true,
			"requires": {
				"depd": "~1.1.2",
				"inherits": "2.0.4",
				"setprototypeof": "1.2.0",
				"statuses": ">= 1.5.0 < 2",
				"toidentifier": "1.0.0"
			},
			"dependencies": {
				"setprototypeof": {
					"version": "1.2.0",
					"resolved": "https://registry.npmjs.org/setprototypeof/-/setprototypeof-1.2.0.tgz",
					"integrity": "sha512-E5LDX7Wrp85Kil5bhZv46j8jOeboKq5JMmYM3gVGdGH8xFpPWXUMsNrlODCrkoxMEeNi/XZIwuRvY4XNwYMJpw==",
					"dev": true
				}
			}
		},
		"iconv-lite": {
			"version": "0.4.24",
			"resolved": "https://registry.npmjs.org/iconv-lite/-/iconv-lite-0.4.24.tgz",
			"integrity": "sha512-v3MXnZAcvnywkTUEZomIActle7RXXeedOR31wwl7VlyoXO4Qi9arvSenNQWne1TcRwhCL1HwLI21bEqdpj8/rA==",
			"dev": true,
			"requires": {
				"safer-buffer": ">= 2.1.2 < 3"
			}
		},
		"inflation": {
			"version": "2.0.0",
			"resolved": "https://registry.npmjs.org/inflation/-/inflation-2.0.0.tgz",
			"integrity": "sha1-i0F+R8KPklpFEz2RTKH9OJEH8w8=",
			"dev": true
		},
		"inflight": {
			"version": "1.0.6",
			"resolved": "https://registry.npmjs.org/inflight/-/inflight-1.0.6.tgz",
			"integrity": "sha1-Sb1jMdfQLQwJvJEKEHW6gWW1bfk=",
			"requires": {
				"once": "^1.3.0",
				"wrappy": "1"
			}
		},
		"inherits": {
			"version": "2.0.4",
			"resolved": "https://registry.npmjs.org/inherits/-/inherits-2.0.4.tgz",
			"integrity": "sha512-k/vGaX4/Yla3WzyMCvTQOXYeIHvqOKtnqBduzTHpzpQZzAskKMhZ2K+EnBiSM9zGSoIFeMpXKxa4dYeZIQqewQ=="
		},
		"is-dir": {
			"version": "1.0.0",
			"resolved": "https://registry.npmjs.org/is-dir/-/is-dir-1.0.0.tgz",
			"integrity": "sha1-QdN/SV/MrMBaR3jWboMCTCkro/8="
		},
		"is-generator-function": {
			"version": "1.0.7",
			"resolved": "https://registry.npmjs.org/is-generator-function/-/is-generator-function-1.0.7.tgz",
			"integrity": "sha512-YZc5EwyO4f2kWCax7oegfuSr9mFz1ZvieNYBEjmukLxgXfBUbxAWGVF7GZf0zidYtoBl3WvC07YK0wT76a+Rtw==",
			"dev": true
		},
		"js-yaml": {
			"version": "3.14.0",
			"resolved": "https://registry.npmjs.org/js-yaml/-/js-yaml-3.14.0.tgz",
			"integrity": "sha512-/4IbIeHcD9VMHFqDR/gQ7EdZdLimOvW2DdcxFjdyyZ9NsbS+ccrXqVWDtab/lRl5AlUqmpBx8EhPaWR+OtY17A==",
			"requires": {
				"argparse": "^1.0.7",
				"esprima": "^4.0.0"
			}
		},
		"json-schema-traverse": {
			"version": "1.0.0",
			"resolved": "https://registry.npmjs.org/json-schema-traverse/-/json-schema-traverse-1.0.0.tgz",
			"integrity": "sha512-NM8/P9n3XjXhIZn1lLhkFaACTOURQXjWhV4BA/RnOv8xvgqtqpAX9IO4mRQxSx1Rlo4tqzeqb0sOlruaOy3dug=="
		},
		"keygrip": {
			"version": "1.0.3",
			"resolved": "https://registry.npmjs.org/keygrip/-/keygrip-1.0.3.tgz",
			"integrity": "sha512-/PpesirAIfaklxUzp4Yb7xBper9MwP6hNRA6BGGUFCgbJ+BM5CKBtsoxinNXkLHAr+GXS1/lSlF2rP7cv5Fl+g==",
			"dev": true
		},
		"koa": {
			"version": "2.9.0",
			"resolved": "https://registry.npmjs.org/koa/-/koa-2.9.0.tgz",
			"integrity": "sha512-Y1kb5wqcEm3FuFmPenIX3o61zbKVx+wy0p8kiG+DAv70WiTrnoupDQy8fpLYT6esaJmLdzgzmGbLCKcamw+VvA==",
			"dev": true,
			"requires": {
				"accepts": "^1.3.5",
				"cache-content-type": "^1.0.0",
				"content-disposition": "~0.5.2",
				"content-type": "^1.0.4",
				"cookies": "~0.7.1",
				"debug": "~3.1.0",
				"delegates": "^1.0.0",
				"depd": "^1.1.2",
				"destroy": "^1.0.4",
				"encodeurl": "^1.0.2",
				"error-inject": "^1.0.0",
				"escape-html": "^1.0.3",
				"fresh": "~0.5.2",
				"http-assert": "^1.3.0",
				"http-errors": "^1.6.3",
				"is-generator-function": "^1.0.7",
				"koa-compose": "^4.1.0",
				"koa-convert": "^1.2.0",
				"koa-is-json": "^1.0.0",
				"on-finished": "^2.3.0",
				"only": "~0.0.2",
				"parseurl": "^1.3.2",
				"statuses": "^1.5.0",
				"type-is": "^1.6.16",
				"vary": "^1.1.2"
			}
		},
		"koa-bodyparser": {
			"version": "4.3.0",
			"resolved": "https://registry.npmjs.org/koa-bodyparser/-/koa-bodyparser-4.3.0.tgz",
			"integrity": "sha512-uyV8G29KAGwZc4q/0WUAjH+Tsmuv9ImfBUF2oZVyZtaeo0husInagyn/JH85xMSxM0hEk/mbCII5ubLDuqW/Rw==",
			"dev": true,
			"requires": {
				"co-body": "^6.0.0",
				"copy-to": "^2.0.1"
			}
		},
		"koa-compose": {
			"version": "4.1.0",
			"resolved": "https://registry.npmjs.org/koa-compose/-/koa-compose-4.1.0.tgz",
			"integrity": "sha512-8ODW8TrDuMYvXRwra/Kh7/rJo9BtOfPc6qO8eAfC80CnCvSjSl0bkRM24X6/XBBEyj0v1nRUQ1LyOy3dbqOWXw==",
			"dev": true
		},
		"koa-convert": {
			"version": "1.2.0",
			"resolved": "https://registry.npmjs.org/koa-convert/-/koa-convert-1.2.0.tgz",
			"integrity": "sha1-2kCHXfSd4FOQmNFwC1CCDOvNIdA=",
			"dev": true,
			"requires": {
				"co": "^4.6.0",
				"koa-compose": "^3.0.0"
			},
			"dependencies": {
				"koa-compose": {
					"version": "3.2.1",
					"resolved": "https://registry.npmjs.org/koa-compose/-/koa-compose-3.2.1.tgz",
					"integrity": "sha1-qFzLQLfZhtjlo0Wzoazo6rz1Tec=",
					"dev": true,
					"requires": {
						"any-promise": "^1.1.0"
					}
				}
			}
		},
		"koa-is-json": {
			"version": "1.0.0",
			"resolved": "https://registry.npmjs.org/koa-is-json/-/koa-is-json-1.0.0.tgz",
			"integrity": "sha1-JzwH7c3Ljfaiwat9We52SRRR7BQ=",
			"dev": true
		},
		"koa-router": {
			"version": "9.1.0",
			"resolved": "https://registry.npmjs.org/koa-router/-/koa-router-9.1.0.tgz",
			"integrity": "sha512-5xakU0Ip2oFXPaA5882NTLopb5iaNfipBmTU5AoGbgDHOsHqRQDnaMnazj8DmDCt2rSxNB2TBBVLO9OiM0TvdA==",
			"dev": true,
			"requires": {
				"debug": "^4.1.1",
				"http-errors": "^1.7.3",
				"koa-compose": "^4.1.0",
				"methods": "^1.1.2",
				"path-to-regexp": "^6.1.0"
			},
			"dependencies": {
				"debug": {
					"version": "4.1.1",
					"resolved": "https://registry.npmjs.org/debug/-/debug-4.1.1.tgz",
					"integrity": "sha512-pYAIzeRo8J6KPEaJ0VWOh5Pzkbw/RetuzehGM7QRRX5he4fPHx2rdKMB256ehJCkX+XRQm16eZLqLNS8RSZXZw==",
					"dev": true,
					"requires": {
						"ms": "^2.1.1"
					}
				},
				"ms": {
					"version": "2.1.2",
					"resolved": "https://registry.npmjs.org/ms/-/ms-2.1.2.tgz",
					"integrity": "sha512-sGkPx+VjMtmA6MX27oA4FBFELFCZZ4S4XqeGOXCv68tT+jb3vk/RyaKWP0PTKyWtmLSM0b+adUTEvbs1PEaH2w==",
					"dev": true
				}
			}
		},
		"lodash.merge": {
			"version": "4.6.2",
			"resolved": "https://registry.npmjs.org/lodash.merge/-/lodash.merge-4.6.2.tgz",
			"integrity": "sha512-0KpjqXRVvrYyCsX1swR/XTK0va6VQkQM6MNo7PqW77ByjAhoARA8EfrP1N4+KlKj8YS0ZUCtRT/YUuhyYDujIQ=="
		},
		"media-typer": {
			"version": "0.3.0",
			"resolved": "https://registry.npmjs.org/media-typer/-/media-typer-0.3.0.tgz",
			"integrity": "sha1-hxDXrwqmJvj/+hzgAWhUUmMlV0g=",
			"dev": true
		},
		"methods": {
			"version": "1.1.2",
			"resolved": "https://registry.npmjs.org/methods/-/methods-1.1.2.tgz",
			"integrity": "sha1-VSmk1nZUE07cxSZmVoNbD4Ua/O4=",
			"dev": true
		},
		"mime-db": {
			"version": "1.44.0",
			"resolved": "https://registry.npmjs.org/mime-db/-/mime-db-1.44.0.tgz",
			"integrity": "sha512-/NOTfLrsPBVeH7YtFPgsVWveuL+4SjjYxaQ1xtM1KMFj7HdxlBlxeyNLzhyJVx7r4rZGJAZ/6lkKCitSc/Nmpg==",
			"dev": true
		},
		"mime-types": {
			"version": "2.1.27",
			"resolved": "https://registry.npmjs.org/mime-types/-/mime-types-2.1.27.tgz",
			"integrity": "sha512-JIhqnCasI9yD+SsmkquHBxTSEuZdQX5BuQnS2Vc7puQQQ+8yiP5AY5uWhpdv4YL4VM5c6iliiYWPgJ/nJQLp7w==",
			"dev": true,
			"requires": {
				"mime-db": "1.44.0"
			}
		},
		"minimatch": {
			"version": "3.0.4",
			"resolved": "https://registry.npmjs.org/minimatch/-/minimatch-3.0.4.tgz",
			"integrity": "sha512-yJHVQEhyqPLUTgt9B83PXu6W3rx4MvvHvSUvToogpwoGDOUQ+yDrR0HRot+yOCdCO7u4hX3pWft6kWBBcqh0UA==",
			"requires": {
				"brace-expansion": "^1.1.7"
			}
		},
		"ms": {
			"version": "2.0.0",
			"resolved": "https://registry.npmjs.org/ms/-/ms-2.0.0.tgz",
			"integrity": "sha1-VgiurfwAvmwpAd9fmGF4jeDVl8g=",
			"dev": true
		},
		"negotiator": {
			"version": "0.6.2",
			"resolved": "https://registry.npmjs.org/negotiator/-/negotiator-0.6.2.tgz",
			"integrity": "sha512-hZXc7K2e+PgeI1eDBe/10Ard4ekbfrrqG8Ep+8Jmf4JID2bNg7NvCPOZN+kfF574pFQI7mum2AUqDidoKqcTOw==",
			"dev": true
		},
		"on-finished": {
			"version": "2.3.0",
			"resolved": "https://registry.npmjs.org/on-finished/-/on-finished-2.3.0.tgz",
			"integrity": "sha1-IPEzZIGwg811M3mSoWlxqi2QaUc=",
			"dev": true,
			"requires": {
				"ee-first": "1.1.1"
			}
		},
		"once": {
			"version": "1.4.0",
			"resolved": "https://registry.npmjs.org/once/-/once-1.4.0.tgz",
			"integrity": "sha1-WDsap3WWHUsROsF9nFC6753Xa9E=",
			"requires": {
				"wrappy": "1"
			}
		},
		"only": {
			"version": "0.0.2",
			"resolved": "https://registry.npmjs.org/only/-/only-0.0.2.tgz",
			"integrity": "sha1-Kv3oTQPlC5qO3EROMGEKcCle37Q=",
			"dev": true
		},
		"openapi-default-setter": {
			"version": "9.2.0",
			"resolved": "https://registry.npmjs.org/openapi-default-setter/-/openapi-default-setter-9.2.0.tgz",
			"integrity": "sha512-bxx/tr95a9r4YUw+OiM3nTMJGadQWhH+qctSpnWXcsW40iXV8Dzcm9syZwQR0IyHMpIttUJDIHT7jxXkw21l/w==",
			"requires": {
				"openapi-types": "^9.2.0"
			}
		},
		"openapi-framework": {
			"version": "9.2.0",
			"resolved": "https://registry.npmjs.org/openapi-framework/-/openapi-framework-9.2.0.tgz",
			"integrity": "sha512-jJp4E6JsZY/k6jgNkce7RSHtwlBjd7hnX72An88QXoBgzlCJGZrNOvRbNlr0/zSE533gQ3RUgSZoiqBRYZSnrA==",
			"requires": {
				"difunc": "0.0.4",
				"fs-routes": "^9.0.3",
				"glob": "*",
				"is-dir": "^1.0.0",
				"js-yaml": "^3.10.0",
				"openapi-default-setter": "^9.2.0",
				"openapi-request-coercer": "^9.2.0",
				"openapi-request-validator": "^9.2.0",
				"openapi-response-validator": "^9.2.0",
				"openapi-schema-validator": "^9.2.0",
				"openapi-security-handler": "^9.2.0",
				"openapi-types": "^9.2.0",
				"ts-log": "^2.1.4"
			}
		},
		"openapi-jsonschema-parameters": {
			"version": "9.2.0",
			"resolved": "https://registry.npmjs.org/openapi-jsonschema-parameters/-/openapi-jsonschema-parameters-9.2.0.tgz",
			"integrity": "sha512-oQ8exaAPfUk7jgaO3OAwA+3T6qK/15GIzqO9ShBcyO0PUg+DG0naCikEtqdoX9+FHBj+YjQXq9/yHHuvXjhICQ==",
			"requires": {
				"openapi-types": "^9.2.0"
			}
		},
		"openapi-request-coercer": {
			"version": "9.2.0",
			"resolved": "https://registry.npmjs.org/openapi-request-coercer/-/openapi-request-coercer-9.2.0.tgz",
			"integrity": "sha512-Lo7KqSDopdWlBsaB1pV7vWPJ8zhDnAg8vu7+RDw9/ZhIZLn3gi4KE3ZrTEt4kUyYaTXhhbT2gbdzpmQgypA15A==",
			"requires": {
				"openapi-types": "^9.2.0",
				"ts-log": "^2.1.4"
			}
		},
		"openapi-request-validator": {
			"version": "9.2.0",
			"resolved": "https://registry.npmjs.org/openapi-request-validator/-/openapi-request-validator-9.2.0.tgz",
			"integrity": "sha512-y0VtvgJUX8AjLMFRwLkv+Ug3hbKEKOb4ykUpA88pT7yzGX/yN0QTTzrUQILmA49ULQjQgzUdOs+MQM6ErnbHOg==",
			"requires": {
				"ajv": "^8.3.0",
				"ajv-formats": "^2.1.0",
				"content-type": "^1.0.4",
				"openapi-jsonschema-parameters": "^9.2.0",
				"openapi-types": "^9.2.0",
				"ts-log": "^2.1.4"
			}
		},
		"openapi-response-validator": {
			"version": "9.2.0",
			"resolved": "https://registry.npmjs.org/openapi-response-validator/-/openapi-response-validator-9.2.0.tgz",
			"integrity": "sha512-1MmOeq1iV/BIoahJ6wVM02KehV7Ab9vB3n64zPqYVIJOE8ilDBhCU6/YAm69YciMuWW9+Xc/qvcbKihjxZNp5A==",
			"requires": {
				"ajv": "^8.4.0",
				"openapi-types": "^9.2.0"
			}
		},
		"openapi-schema-validator": {
			"version": "9.2.0",
			"resolved": "https://registry.npmjs.org/openapi-schema-validator/-/openapi-schema-validator-9.2.0.tgz",
			"integrity": "sha512-BzXm4Kz78pw9BMxW2whd9nKnYjLFxqFWEkH8Eh1/bZ2aOeCfIgPkYvU9Ai/fAPNQAW0y+oDSl1BoqGKENlO6sA==",
			"requires": {
				"ajv": "^8.1.0",
				"ajv-formats": "^2.0.2",
				"lodash.merge": "^4.6.1",
				"openapi-types": "^9.2.0"
			}
		},
		"openapi-security-handler": {
			"version": "9.2.0",
			"resolved": "https://registry.npmjs.org/openapi-security-handler/-/openapi-security-handler-9.2.0.tgz",
			"integrity": "sha512-iwanicnga7YOIjed0yz6YaXl8w/ah1J0rQsIrjHciDGDnnJU5i7g7ZpiAXu9GHW/VbnOKMzkA+nY50hnyc7ybA==",
			"requires": {
				"openapi-types": "^9.2.0"
			}
		},
		"openapi-types": {
			"version": "9.2.0",
			"resolved": "https://registry.npmjs.org/openapi-types/-/openapi-types-9.2.0.tgz",
			"integrity": "sha512-3x0gg8DxhpZ5MVki7AK6jmMdVIZASmVGo9CoUtD+nksLdkqz7EzWKdfS9Oxxq1J7idnZV0b3LjqcvizfKFySpQ=="
		},
		"parseurl": {
			"version": "1.3.3",
			"resolved": "https://registry.npmjs.org/parseurl/-/parseurl-1.3.3.tgz",
			"integrity": "sha512-CiyeOxFT/JZyN5m0z9PfXw4SCBJ6Sygz1Dpl0wqjlhDEGGBP1GnsUVEL0p63hoG1fcj3fHynXi9NYO4nWOL+qQ==",
			"dev": true
		},
		"path-is-absolute": {
			"version": "1.0.1",
			"resolved": "https://registry.npmjs.org/path-is-absolute/-/path-is-absolute-1.0.1.tgz",
			"integrity": "sha1-F0uSaHNVNP+8es5r9TpanhtcX18="
		},
		"path-to-regexp": {
			"version": "6.1.0",
			"resolved": "https://registry.npmjs.org/path-to-regexp/-/path-to-regexp-6.1.0.tgz",
			"integrity": "sha512-h9DqehX3zZZDCEm+xbfU0ZmwCGFCAAraPJWMXJ4+v32NjZJilVg3k1TcKsRgIb8IQ/izZSaydDc1OhJCZvs2Dw==",
			"dev": true
		},
		"punycode": {
			"version": "2.1.1",
			"resolved": "https://registry.npmjs.org/punycode/-/punycode-2.1.1.tgz",
			"integrity": "sha512-XRsRjdf+j5ml+y/6GKHPZbrF/8p2Yga0JPtdqTIY2Xe5ohJPD9saDJJLPvp9+NSBprVvevdXZybnj2cv8OEd0A=="
		},
		"qs": {
			"version": "6.9.4",
			"resolved": "https://registry.npmjs.org/qs/-/qs-6.9.4.tgz",
			"integrity": "sha512-A1kFqHekCTM7cz0udomYUoYNWjBebHm/5wzU/XqrBRBNWectVH0QIiN+NEcZ0Dte5hvzHwbr8+XQmguPhJ6WdQ==",
			"dev": true
		},
		"raw-body": {
			"version": "2.4.1",
			"resolved": "https://registry.npmjs.org/raw-body/-/raw-body-2.4.1.tgz",
			"integrity": "sha512-9WmIKF6mkvA0SLmA2Knm9+qj89e+j1zqgyn8aXGd7+nAduPoqgI9lO57SAZNn/Byzo5P7JhXTyg9PzaJbH73bA==",
			"dev": true,
			"requires": {
				"bytes": "3.1.0",
				"http-errors": "1.7.3",
				"iconv-lite": "0.4.24",
				"unpipe": "1.0.0"
			},
			"dependencies": {
				"http-errors": {
					"version": "1.7.3",
					"resolved": "https://registry.npmjs.org/http-errors/-/http-errors-1.7.3.tgz",
					"integrity": "sha512-ZTTX0MWrsQ2ZAhA1cejAwDLycFsd7I7nVtnkT3Ol0aqodaKW+0CTZDQ1uBv5whptCnc8e8HeRRJxRs0kmm/Qfw==",
					"dev": true,
					"requires": {
						"depd": "~1.1.2",
						"inherits": "2.0.4",
						"setprototypeof": "1.1.1",
						"statuses": ">= 1.5.0 < 2",
						"toidentifier": "1.0.0"
					}
				}
			}
		},
		"require-from-string": {
			"version": "2.0.2",
			"resolved": "https://registry.npmjs.org/require-from-string/-/require-from-string-2.0.2.tgz",
			"integrity": "sha512-Xf0nWe6RseziFMu+Ap9biiUbmplq6S9/p+7w7YXP/JBHhrUDDUhwa+vANyubuqfZWTveU//DYVGsDG7RKL/vEw=="
		},
		"safe-buffer": {
			"version": "5.1.2",
			"resolved": "https://registry.npmjs.org/safe-buffer/-/safe-buffer-5.1.2.tgz",
			"integrity": "sha512-Gd2UZBJDkXlY7GbJxfsE8/nvKkUEU1G38c1siN6QP6a9PT9MmHB8GnpscSmMJSoF8LOIrt8ud/wPtojys4G6+g==",
			"dev": true
		},
		"safer-buffer": {
			"version": "2.1.2",
			"resolved": "https://registry.npmjs.org/safer-buffer/-/safer-buffer-2.1.2.tgz",
			"integrity": "sha512-YZo3K82SD7Riyi0E1EQPojLz7kpepnSQI9IyPbHHg1XXXevb5dJI7tpyN2ADxGcQbHG7vcyRHk0cbwqcQriUtg==",
			"dev": true
		},
		"setprototypeof": {
			"version": "1.1.1",
			"resolved": "https://registry.npmjs.org/setprototypeof/-/setprototypeof-1.1.1.tgz",
			"integrity": "sha512-JvdAWfbXeIGaZ9cILp38HntZSFSo3mWg6xGcJJsd+d4aRMOqauag1C63dJfDw7OaMYwEbHMOxEZ1lqVRYP2OAw==",
			"dev": true
		},
		"sprintf-js": {
			"version": "1.0.3",
			"resolved": "https://registry.npmjs.org/sprintf-js/-/sprintf-js-1.0.3.tgz",
			"integrity": "sha1-BOaSb2YolTVPPdAVIDYzuFcpfiw="
		},
		"statuses": {
			"version": "1.5.0",
			"resolved": "https://registry.npmjs.org/statuses/-/statuses-1.5.0.tgz",
			"integrity": "sha1-Fhx9rBd2Wf2YEfQ3cfqZOBR4Yow=",
			"dev": true
		},
		"toidentifier": {
			"version": "1.0.0",
			"resolved": "https://registry.npmjs.org/toidentifier/-/toidentifier-1.0.0.tgz",
			"integrity": "sha512-yaOH/Pk/VEhBWWTlhI+qXxDFXlejDGcQipMlyxda9nthulaxLZUNcUqFxokp0vcYnvteJln5FNQDRrxj3YcbVw==",
			"dev": true
		},
		"ts-log": {
			"version": "2.1.4",
			"resolved": "https://registry.npmjs.org/ts-log/-/ts-log-2.1.4.tgz",
			"integrity": "sha512-P1EJSoyV+N3bR/IWFeAqXzKPZwHpnLY6j7j58mAvewHRipo+BQM2Y1f9Y9BjEQznKwgqqZm7H8iuixmssU7tYQ=="
		},
		"type-is": {
			"version": "1.6.18",
			"resolved": "https://registry.npmjs.org/type-is/-/type-is-1.6.18.tgz",
			"integrity": "sha512-TkRKr9sUTxEH8MdfuCSP7VizJyzRNMjj2J2do2Jr3Kym598JVdEksuzPQCnlFPW4ky9Q+iA+ma9BGm06XQBy8g==",
			"dev": true,
			"requires": {
				"media-typer": "0.3.0",
				"mime-types": "~2.1.24"
			}
		},
		"unpipe": {
			"version": "1.0.0",
			"resolved": "https://registry.npmjs.org/unpipe/-/unpipe-1.0.0.tgz",
			"integrity": "sha1-sr9O6FFKrmFltIF4KdIbLvSZBOw=",
			"dev": true
		},
		"uri-js": {
			"version": "4.2.2",
			"resolved": "https://registry.npmjs.org/uri-js/-/uri-js-4.2.2.tgz",
			"integrity": "sha512-KY9Frmirql91X2Qgjry0Wd4Y+YTdrdZheS8TFwvkbLWf/G5KNJDCh6pKL5OZctEW4+0Baa5idK2ZQuELRwPznQ==",
			"requires": {
				"punycode": "^2.1.0"
			}
		},
		"vary": {
			"version": "1.1.2",
			"resolved": "https://registry.npmjs.org/vary/-/vary-1.1.2.tgz",
			"integrity": "sha1-IpnwLG3tMNSllhsLn3RSShj2NPw=",
			"dev": true
		},
		"wrappy": {
			"version": "1.0.2",
			"resolved": "https://registry.npmjs.org/wrappy/-/wrappy-1.0.2.tgz",
			"integrity": "sha1-tSQ9jz7BqjXxNkYFvA0QNuMKtp8="
		},
		"ylru": {
			"version": "1.2.1",
			"resolved": "https://registry.npmjs.org/ylru/-/ylru-1.2.1.tgz",
			"integrity": "sha512-faQrqNMzcPCHGVC2aaOINk13K+aaBDUPjGWl0teOXywElLjyVAB6Oe2jj62jHYtwsU49jXhScYbvPENK+6zAvQ==",
			"dev": true
		}
	}
}
