{
  "name": "fs-routes",
  "version": "2.0.0",
  "lockfileVersion": 1,
  "requires": true,
  "dependencies": {
    "ts-log": {
      "version": "2.1.4",
      "resolved": "https://registry.npmjs.org/ts-log/-/ts-log-2.1.4.tgz",
      "integrity": "sha512-P1EJSoyV+N3bR/IWFeAqXzKPZwHpnLY6j7j58mAvewHRipo+BQM2Y1f9Y9BjEQznKwgqqZm7H8iuixmssU7tYQ=="
    }
  }
}
